// !$*UTF8*$!
{
	archiveVersion = 1;
	classes = {
	};
	objectVersion = 54;
	objects = {

/* Begin PBXBuildFile section */
		784849312EA0FF2A005656F4 /* SkeletonDiffableCollectionDataSource.swift in Sources */ = {isa = PBXBuildFile; fileRef = 7848492E2EA0FF2A005656F4 /* SkeletonDiffableCollectionDataSource.swift */; };
		784849322EA0FF2A005656F4 /* SkeletonDiffableDataSource.swift in Sources */ = {isa = PBXBuildFile; fileRef = 7848492F2EA0FF2A005656F4 /* SkeletonDiffableDataSource.swift */; };
		784849332EA0FF2A005656F4 /* SkeletonDiffableCollectionDataSource.swift in Sources */ = {isa = PBXBuildFile; fileRef = 7848492E2EA0FF2A005656F4 /* SkeletonDiffableCollectionDataSource.swift */; };
		784849342EA0FF2A005656F4 /* SkeletonDiffableDataSource.swift in Sources */ = {isa = PBXBuildFile; fileRef = 7848492F2EA0FF2A005656F4 /* SkeletonDiffableDataSource.swift */; };
		78D31EC62E9FA0F900D4929E /* UIView+IBInspectable.swift in Sources */ = {isa = PBXBuildFile; fileRef = 78D31E872E9FA0F900D4929E /* UIView+IBInspectable.swift */; };
		78D31EC82E9FA0F900D4929E /* DispatchQueue+Extensions.swift in Sources */ = {isa = PBXBuildFile; fileRef = 78D31E972E9FA0F900D4929E /* DispatchQueue+Extensions.swift */; };
		78D31EC92E9FA0F900D4929E /* SkeletonTextLineHeight.swift in Sources */ = {isa = PBXBuildFile; fileRef = 78D31E7C2E9FA0F900D4929E /* SkeletonTextLineHeight.swift */; };
		78D31ECA2E9FA0F900D4929E /* SkeletonTableViewProtocols.swift in Sources */ = {isa = PBXBuildFile; fileRef = 78D31E752E9FA0F900D4929E /* SkeletonTableViewProtocols.swift */; };
		78D31ECB2E9FA0F900D4929E /* Recoverable.swift in Sources */ = {isa = PBXBuildFile; fileRef = 78D31EA82E9FA0F900D4929E /* Recoverable.swift */; };
		78D31ECC2E9FA0F900D4929E /* UIColor+Skeleton.swift in Sources */ = {isa = PBXBuildFile; fileRef = 78D31EB42E9FA0F900D4929E /* UIColor+Skeleton.swift */; };
		78D31ECD2E9FA0F900D4929E /* UIView+Swizzling.swift in Sources */ = {isa = PBXBuildFile; fileRef = 78D31EBD2E9FA0F900D4929E /* UIView+Swizzling.swift */; };
		78D31ECE2E9FA0F900D4929E /* ProcessInfo+Extensions.swift in Sources */ = {isa = PBXBuildFile; fileRef = 78D31E9A2E9FA0F900D4929E /* ProcessInfo+Extensions.swift */; };
		78D31ECF2E9FA0F900D4929E /* UICollectionView+Extensions.swift in Sources */ = {isa = PBXBuildFile; fileRef = 78D31E822E9FA0F900D4929E /* UICollectionView+Extensions.swift */; };
		78D31ED02E9FA0F900D4929E /* UITableView+Extensions.swift in Sources */ = {isa = PBXBuildFile; fileRef = 78D31EB72E9FA0F900D4929E /* UITableView+Extensions.swift */; };
		78D31ED12E9FA0F900D4929E /* SkeletonTransitionStyle.swift in Sources */ = {isa = PBXBuildFile; fileRef = 78D31E7E2E9FA0F900D4929E /* SkeletonTransitionStyle.swift */; };
		78D31ED22E9FA0F900D4929E /* SkeletonDebug.swift in Sources */ = {isa = PBXBuildFile; fileRef = 78D31E952E9FA0F900D4929E /* SkeletonDebug.swift */; };
		78D31ED32E9FA0F900D4929E /* Int+Extensions.swift in Sources */ = {isa = PBXBuildFile; fileRef = 78D31E982E9FA0F900D4929E /* Int+Extensions.swift */; };
		78D31ED42E9FA0F900D4929E /* SkeletonCollectionDataSource.swift in Sources */ = {isa = PBXBuildFile; fileRef = 78D31E912E9FA0F900D4929E /* SkeletonCollectionDataSource.swift */; };
		78D31ED52E9FA0F900D4929E /* CALayer+Animations.swift in Sources */ = {isa = PBXBuildFile; fileRef = 78D31E812E9FA0F900D4929E /* CALayer+Animations.swift */; };
		78D31ED62E9FA0F900D4929E /* SkeletonTextNode.swift in Sources */ = {isa = PBXBuildFile; fileRef = 78D31EA92E9FA0F900D4929E /* SkeletonTextNode.swift */; };
		78D31ED72E9FA0F900D4929E /* UIView+SkeletonView.swift in Sources */ = {isa = PBXBuildFile; fileRef = 78D31EBC2E9FA0F900D4929E /* UIView+SkeletonView.swift */; };
		78D31ED82E9FA0F900D4929E /* UIView+Transitions.swift in Sources */ = {isa = PBXBuildFile; fileRef = 78D31EBE2E9FA0F900D4929E /* UIView+Transitions.swift */; };
		78D31ED92E9FA0F900D4929E /* UILabel+SKExtensions.swift in Sources */ = {isa = PBXBuildFile; fileRef = 78D31E842E9FA0F900D4929E /* UILabel+SKExtensions.swift */; };
		78D31EDA2E9FA0F900D4929E /* SkeletonTextNumberOfLines.swift in Sources */ = {isa = PBXBuildFile; fileRef = 78D31E7D2E9FA0F900D4929E /* SkeletonTextNumberOfLines.swift */; };
		78D31EDB2E9FA0F900D4929E /* UITableView+CollectionSkeleton.swift in Sources */ = {isa = PBXBuildFile; fileRef = 78D31EB62E9FA0F900D4929E /* UITableView+CollectionSkeleton.swift */; };
		78D31EDC2E9FA0F900D4929E /* SubviewsSkeletonables.swift in Sources */ = {isa = PBXBuildFile; fileRef = 78D31EAA2E9FA0F900D4929E /* SubviewsSkeletonables.swift */; };
		78D31EDD2E9FA0F900D4929E /* UIView+Extensions.swift in Sources */ = {isa = PBXBuildFile; fileRef = 78D31EBB2E9FA0F900D4929E /* UIView+Extensions.swift */; };
		78D31EDE2E9FA0F900D4929E /* SkeletonFlowHandler.swift in Sources */ = {isa = PBXBuildFile; fileRef = 78D31EC02E9FA0F900D4929E /* SkeletonFlowHandler.swift */; };
		78D31EDF2E9FA0F900D4929E /* CALayer+Extensions.swift in Sources */ = {isa = PBXBuildFile; fileRef = 78D31EB12E9FA0F900D4929E /* CALayer+Extensions.swift */; };
		78D31EE02E9FA0F900D4929E /* PrepareViewForSkeleton.swift in Sources */ = {isa = PBXBuildFile; fileRef = 78D31EA72E9FA0F900D4929E /* PrepareViewForSkeleton.swift */; };
		78D31EE12E9FA0F900D4929E /* GradientDirection.swift in Sources */ = {isa = PBXBuildFile; fileRef = 78D31E7A2E9FA0F900D4929E /* GradientDirection.swift */; };
		78D31EE22E9FA0F900D4929E /* RecoverableViewState.swift in Sources */ = {isa = PBXBuildFile; fileRef = 78D31EA02E9FA0F900D4929E /* RecoverableViewState.swift */; };
		78D31EE32E9FA0F900D4929E /* UIView+CollectionSkeleton.swift in Sources */ = {isa = PBXBuildFile; fileRef = 78D31EBA2E9FA0F900D4929E /* UIView+CollectionSkeleton.swift */; };
		78D31EE42E9FA0F900D4929E /* Notification+Extensions.swift in Sources */ = {isa = PBXBuildFile; fileRef = 78D31E992E9FA0F900D4929E /* Notification+Extensions.swift */; };
		78D31EE52E9FA0F900D4929E /* Notification+SkeletonFlow.swift in Sources */ = {isa = PBXBuildFile; fileRef = 78D31E782E9FA0F900D4929E /* Notification+SkeletonFlow.swift */; };
		78D31EE62E9FA0F900D4929E /* SkeletonConfig.swift in Sources */ = {isa = PBXBuildFile; fileRef = 78D31EA32E9FA0F900D4929E /* SkeletonConfig.swift */; };
		78D31EE72E9FA0F900D4929E /* UILabel+IBInspectable.swift in Sources */ = {isa = PBXBuildFile; fileRef = 78D31E832E9FA0F900D4929E /* UILabel+IBInspectable.swift */; };
		78D31EE82E9FA0F900D4929E /* UIView+AppLifecycleNotifications.swift in Sources */ = {isa = PBXBuildFile; fileRef = 78D31EB82E9FA0F900D4929E /* UIView+AppLifecycleNotifications.swift */; };
		78D31EE92E9FA0F900D4929E /* SkeletonTreeNode+Extensions.swift in Sources */ = {isa = PBXBuildFile; fileRef = 78D31EB22E9FA0F900D4929E /* SkeletonTreeNode+Extensions.swift */; };
		78D31EEA2E9FA0F900D4929E /* UITextView+IBInspectable.swift in Sources */ = {isa = PBXBuildFile; fileRef = 78D31E852E9FA0F900D4929E /* UITextView+IBInspectable.swift */; };
		78D31EEB2E9FA0F900D4929E /* GradientDirection+Animations.swift in Sources */ = {isa = PBXBuildFile; fileRef = 78D31EA62E9FA0F900D4929E /* GradientDirection+Animations.swift */; };
		78D31EEC2E9FA0F900D4929E /* SkeletonCollectionViewProtocols.swift in Sources */ = {isa = PBXBuildFile; fileRef = 78D31E732E9FA0F900D4929E /* SkeletonCollectionViewProtocols.swift */; };
		78D31EED2E9FA0F900D4929E /* Swizzling.swift in Sources */ = {isa = PBXBuildFile; fileRef = 78D31E9E2E9FA0F900D4929E /* Swizzling.swift */; };
		78D31EEE2E9FA0F900D4929E /* SkeletonTreeNode.swift in Sources */ = {isa = PBXBuildFile; fileRef = 78D31EAF2E9FA0F900D4929E /* SkeletonTreeNode.swift */; };
		78D31EEF2E9FA0F900D4929E /* UIView+SKExtensions.swift in Sources */ = {isa = PBXBuildFile; fileRef = 78D31E882E9FA0F900D4929E /* UIView+SKExtensions.swift */; };
		78D31EF02E9FA0F900D4929E /* SkeletonType.swift in Sources */ = {isa = PBXBuildFile; fileRef = 78D31E7F2E9FA0F900D4929E /* SkeletonType.swift */; };
		78D31EF12E9FA0F900D4929E /* SkeletonView.swift in Sources */ = {isa = PBXBuildFile; fileRef = 78D31E8E2E9FA0F900D4929E /* SkeletonView.swift */; };
		78D31EF22E9FA0F900D4929E /* SkeletonReusableCell.swift in Sources */ = {isa = PBXBuildFile; fileRef = 78D31E932E9FA0F900D4929E /* SkeletonReusableCell.swift */; };
		78D31EF32E9FA0F900D4929E /* SkeletonCollectionDelegate.swift in Sources */ = {isa = PBXBuildFile; fileRef = 78D31E922E9FA0F900D4929E /* SkeletonCollectionDelegate.swift */; };
		78D31EF42E9FA0F900D4929E /* UITextView+SKExtensions.swift in Sources */ = {isa = PBXBuildFile; fileRef = 78D31E862E9FA0F900D4929E /* UITextView+SKExtensions.swift */; };
		78D31EF52E9FA0F900D4929E /* SkeletonAppearance.swift in Sources */ = {isa = PBXBuildFile; fileRef = 78D31E712E9FA0F900D4929E /* SkeletonAppearance.swift */; };
		78D31EF62E9FA0F900D4929E /* CollectionSkeleton.swift in Sources */ = {isa = PBXBuildFile; fileRef = 78D31E902E9FA0F900D4929E /* CollectionSkeleton.swift */; };
		78D31EF72E9FA0F900D4929E /* SkeletonGradient.swift in Sources */ = {isa = PBXBuildFile; fileRef = 78D31E7B2E9FA0F900D4929E /* SkeletonGradient.swift */; };
		78D31EF82E9FA0F900D4929E /* SkeletonLayer.swift in Sources */ = {isa = PBXBuildFile; fileRef = 78D31EA12E9FA0F900D4929E /* SkeletonLayer.swift */; };
		78D31EF92E9FA0F900D4929E /* SkeletonAnimationBuilder.swift in Sources */ = {isa = PBXBuildFile; fileRef = 78D31E6F2E9FA0F900D4929E /* SkeletonAnimationBuilder.swift */; };
		78D31EFA2E9FA0F900D4929E /* SkeletonMultilineLayerBuilder.swift in Sources */ = {isa = PBXBuildFile; fileRef = 78D31EAD2E9FA0F900D4929E /* SkeletonMultilineLayerBuilder.swift */; };
		78D31EFB2E9FA0F900D4929E /* UILabel+Extensions.swift in Sources */ = {isa = PBXBuildFile; fileRef = 78D31EB52E9FA0F900D4929E /* UILabel+Extensions.swift */; };
		78D31EFC2E9FA0F900D4929E /* UICollectionView+CollectionSkeleton.swift in Sources */ = {isa = PBXBuildFile; fileRef = 78D31EB32E9FA0F900D4929E /* UICollectionView+CollectionSkeleton.swift */; };
		78D31EFD2E9FA0F900D4929E /* AssociationPolicy.swift in Sources */ = {isa = PBXBuildFile; fileRef = 78D31E9C2E9FA0F900D4929E /* AssociationPolicy.swift */; };
		78D31EFE2E9FA0F900D4929E /* Recursive.swift in Sources */ = {isa = PBXBuildFile; fileRef = 78D31E9D2E9FA0F900D4929E /* Recursive.swift */; };
		78D31EFF2E9FA0F900D4929E /* Deprecated.swift in Sources */ = {isa = PBXBuildFile; fileRef = 78D31E8A2E9FA0F900D4929E /* Deprecated.swift */; };
		78D31F002E9FA0F900D4929E /* UIView+AssociatedObjects.swift in Sources */ = {isa = PBXBuildFile; fileRef = 78D31EB92E9FA0F900D4929E /* UIView+AssociatedObjects.swift */; };
		78D31F012E9FA0F900D4929E /* SkeletonLayerBuilder.swift in Sources */ = {isa = PBXBuildFile; fileRef = 78D31EAC2E9FA0F900D4929E /* SkeletonLayerBuilder.swift */; };
		78D31F022E9FA0F900D4929E /* SkeletonExtended.swift in Sources */ = {isa = PBXBuildFile; fileRef = 78D31E8D2E9FA0F900D4929E /* SkeletonExtended.swift */; };
		78D31F042E9FA0F900D4929E /* SkeletonMultilinesLayerConfig.swift in Sources */ = {isa = PBXBuildFile; fileRef = 78D31EA42E9FA0F900D4929E /* SkeletonMultilinesLayerConfig.swift */; };
		78D31F052E9FA0F900D4929E /* UIView+IBInspectable.swift in Sources */ = {isa = PBXBuildFile; fileRef = 78D31E872E9FA0F900D4929E /* UIView+IBInspectable.swift */; };
		78D31F072E9FA0F900D4929E /* DispatchQueue+Extensions.swift in Sources */ = {isa = PBXBuildFile; fileRef = 78D31E972E9FA0F900D4929E /* DispatchQueue+Extensions.swift */; };
		78D31F082E9FA0F900D4929E /* SkeletonTextLineHeight.swift in Sources */ = {isa = PBXBuildFile; fileRef = 78D31E7C2E9FA0F900D4929E /* SkeletonTextLineHeight.swift */; };
		78D31F092E9FA0F900D4929E /* SkeletonTableViewProtocols.swift in Sources */ = {isa = PBXBuildFile; fileRef = 78D31E752E9FA0F900D4929E /* SkeletonTableViewProtocols.swift */; };
		78D31F0A2E9FA0F900D4929E /* Recoverable.swift in Sources */ = {isa = PBXBuildFile; fileRef = 78D31EA82E9FA0F900D4929E /* Recoverable.swift */; };
		78D31F0B2E9FA0F900D4929E /* UIColor+Skeleton.swift in Sources */ = {isa = PBXBuildFile; fileRef = 78D31EB42E9FA0F900D4929E /* UIColor+Skeleton.swift */; };
		78D31F0C2E9FA0F900D4929E /* UIView+Swizzling.swift in Sources */ = {isa = PBXBuildFile; fileRef = 78D31EBD2E9FA0F900D4929E /* UIView+Swizzling.swift */; };
		78D31F0D2E9FA0F900D4929E /* ProcessInfo+Extensions.swift in Sources */ = {isa = PBXBuildFile; fileRef = 78D31E9A2E9FA0F900D4929E /* ProcessInfo+Extensions.swift */; };
		78D31F0E2E9FA0F900D4929E /* UICollectionView+Extensions.swift in Sources */ = {isa = PBXBuildFile; fileRef = 78D31E822E9FA0F900D4929E /* UICollectionView+Extensions.swift */; };
		78D31F0F2E9FA0F900D4929E /* UITableView+Extensions.swift in Sources */ = {isa = PBXBuildFile; fileRef = 78D31EB72E9FA0F900D4929E /* UITableView+Extensions.swift */; };
		78D31F102E9FA0F900D4929E /* SkeletonTransitionStyle.swift in Sources */ = {isa = PBXBuildFile; fileRef = 78D31E7E2E9FA0F900D4929E /* SkeletonTransitionStyle.swift */; };
		78D31F112E9FA0F900D4929E /* SkeletonDebug.swift in Sources */ = {isa = PBXBuildFile; fileRef = 78D31E952E9FA0F900D4929E /* SkeletonDebug.swift */; };
		78D31F122E9FA0F900D4929E /* Int+Extensions.swift in Sources */ = {isa = PBXBuildFile; fileRef = 78D31E982E9FA0F900D4929E /* Int+Extensions.swift */; };
		78D31F132E9FA0F900D4929E /* SkeletonCollectionDataSource.swift in Sources */ = {isa = PBXBuildFile; fileRef = 78D31E912E9FA0F900D4929E /* SkeletonCollectionDataSource.swift */; };
		78D31F142E9FA0F900D4929E /* CALayer+Animations.swift in Sources */ = {isa = PBXBuildFile; fileRef = 78D31E812E9FA0F900D4929E /* CALayer+Animations.swift */; };
		78D31F152E9FA0F900D4929E /* SkeletonTextNode.swift in Sources */ = {isa = PBXBuildFile; fileRef = 78D31EA92E9FA0F900D4929E /* SkeletonTextNode.swift */; };
		78D31F162E9FA0F900D4929E /* UIView+SkeletonView.swift in Sources */ = {isa = PBXBuildFile; fileRef = 78D31EBC2E9FA0F900D4929E /* UIView+SkeletonView.swift */; };
		78D31F172E9FA0F900D4929E /* UIView+Transitions.swift in Sources */ = {isa = PBXBuildFile; fileRef = 78D31EBE2E9FA0F900D4929E /* UIView+Transitions.swift */; };
		78D31F182E9FA0F900D4929E /* UILabel+SKExtensions.swift in Sources */ = {isa = PBXBuildFile; fileRef = 78D31E842E9FA0F900D4929E /* UILabel+SKExtensions.swift */; };
		78D31F192E9FA0F900D4929E /* SkeletonTextNumberOfLines.swift in Sources */ = {isa = PBXBuildFile; fileRef = 78D31E7D2E9FA0F900D4929E /* SkeletonTextNumberOfLines.swift */; };
		78D31F1A2E9FA0F900D4929E /* UITableView+CollectionSkeleton.swift in Sources */ = {isa = PBXBuildFile; fileRef = 78D31EB62E9FA0F900D4929E /* UITableView+CollectionSkeleton.swift */; };
		78D31F1B2E9FA0F900D4929E /* SubviewsSkeletonables.swift in Sources */ = {isa = PBXBuildFile; fileRef = 78D31EAA2E9FA0F900D4929E /* SubviewsSkeletonables.swift */; };
		78D31F1C2E9FA0F900D4929E /* UIView+Extensions.swift in Sources */ = {isa = PBXBuildFile; fileRef = 78D31EBB2E9FA0F900D4929E /* UIView+Extensions.swift */; };
		78D31F1D2E9FA0F900D4929E /* SkeletonFlowHandler.swift in Sources */ = {isa = PBXBuildFile; fileRef = 78D31EC02E9FA0F900D4929E /* SkeletonFlowHandler.swift */; };
		78D31F1E2E9FA0F900D4929E /* CALayer+Extensions.swift in Sources */ = {isa = PBXBuildFile; fileRef = 78D31EB12E9FA0F900D4929E /* CALayer+Extensions.swift */; };
		78D31F1F2E9FA0F900D4929E /* PrepareViewForSkeleton.swift in Sources */ = {isa = PBXBuildFile; fileRef = 78D31EA72E9FA0F900D4929E /* PrepareViewForSkeleton.swift */; };
		78D31F202E9FA0F900D4929E /* GradientDirection.swift in Sources */ = {isa = PBXBuildFile; fileRef = 78D31E7A2E9FA0F900D4929E /* GradientDirection.swift */; };
		78D31F212E9FA0F900D4929E /* RecoverableViewState.swift in Sources */ = {isa = PBXBuildFile; fileRef = 78D31EA02E9FA0F900D4929E /* RecoverableViewState.swift */; };
		78D31F222E9FA0F900D4929E /* UIView+CollectionSkeleton.swift in Sources */ = {isa = PBXBuildFile; fileRef = 78D31EBA2E9FA0F900D4929E /* UIView+CollectionSkeleton.swift */; };
		78D31F232E9FA0F900D4929E /* Notification+Extensions.swift in Sources */ = {isa = PBXBuildFile; fileRef = 78D31E992E9FA0F900D4929E /* Notification+Extensions.swift */; };
		78D31F242E9FA0F900D4929E /* Notification+SkeletonFlow.swift in Sources */ = {isa = PBXBuildFile; fileRef = 78D31E782E9FA0F900D4929E /* Notification+SkeletonFlow.swift */; };
		78D31F252E9FA0F900D4929E /* SkeletonConfig.swift in Sources */ = {isa = PBXBuildFile; fileRef = 78D31EA32E9FA0F900D4929E /* SkeletonConfig.swift */; };
		78D31F262E9FA0F900D4929E /* UILabel+IBInspectable.swift in Sources */ = {isa = PBXBuildFile; fileRef = 78D31E832E9FA0F900D4929E /* UILabel+IBInspectable.swift */; };
		78D31F272E9FA0F900D4929E /* UIView+AppLifecycleNotifications.swift in Sources */ = {isa = PBXBuildFile; fileRef = 78D31EB82E9FA0F900D4929E /* UIView+AppLifecycleNotifications.swift */; };
		78D31F282E9FA0F900D4929E /* SkeletonTreeNode+Extensions.swift in Sources */ = {isa = PBXBuildFile; fileRef = 78D31EB22E9FA0F900D4929E /* SkeletonTreeNode+Extensions.swift */; };
		78D31F292E9FA0F900D4929E /* UITextView+IBInspectable.swift in Sources */ = {isa = PBXBuildFile; fileRef = 78D31E852E9FA0F900D4929E /* UITextView+IBInspectable.swift */; };
		78D31F2A2E9FA0F900D4929E /* GradientDirection+Animations.swift in Sources */ = {isa = PBXBuildFile; fileRef = 78D31EA62E9FA0F900D4929E /* GradientDirection+Animations.swift */; };
		78D31F2B2E9FA0F900D4929E /* SkeletonCollectionViewProtocols.swift in Sources */ = {isa = PBXBuildFile; fileRef = 78D31E732E9FA0F900D4929E /* SkeletonCollectionViewProtocols.swift */; };
		78D31F2C2E9FA0F900D4929E /* Swizzling.swift in Sources */ = {isa = PBXBuildFile; fileRef = 78D31E9E2E9FA0F900D4929E /* Swizzling.swift */; };
		78D31F2D2E9FA0F900D4929E /* SkeletonTreeNode.swift in Sources */ = {isa = PBXBuildFile; fileRef = 78D31EAF2E9FA0F900D4929E /* SkeletonTreeNode.swift */; };
		78D31F2E2E9FA0F900D4929E /* UIView+SKExtensions.swift in Sources */ = {isa = PBXBuildFile; fileRef = 78D31E882E9FA0F900D4929E /* UIView+SKExtensions.swift */; };
		78D31F2F2E9FA0F900D4929E /* SkeletonType.swift in Sources */ = {isa = PBXBuildFile; fileRef = 78D31E7F2E9FA0F900D4929E /* SkeletonType.swift */; };
		78D31F302E9FA0F900D4929E /* SkeletonView.swift in Sources */ = {isa = PBXBuildFile; fileRef = 78D31E8E2E9FA0F900D4929E /* SkeletonView.swift */; };
		78D31F312E9FA0F900D4929E /* SkeletonReusableCell.swift in Sources */ = {isa = PBXBuildFile; fileRef = 78D31E932E9FA0F900D4929E /* SkeletonReusableCell.swift */; };
		78D31F322E9FA0F900D4929E /* SkeletonCollectionDelegate.swift in Sources */ = {isa = PBXBuildFile; fileRef = 78D31E922E9FA0F900D4929E /* SkeletonCollectionDelegate.swift */; };
		78D31F332E9FA0F900D4929E /* UITextView+SKExtensions.swift in Sources */ = {isa = PBXBuildFile; fileRef = 78D31E862E9FA0F900D4929E /* UITextView+SKExtensions.swift */; };
		78D31F342E9FA0F900D4929E /* SkeletonAppearance.swift in Sources */ = {isa = PBXBuildFile; fileRef = 78D31E712E9FA0F900D4929E /* SkeletonAppearance.swift */; };
		78D31F352E9FA0F900D4929E /* CollectionSkeleton.swift in Sources */ = {isa = PBXBuildFile; fileRef = 78D31E902E9FA0F900D4929E /* CollectionSkeleton.swift */; };
		78D31F362E9FA0F900D4929E /* SkeletonGradient.swift in Sources */ = {isa = PBXBuildFile; fileRef = 78D31E7B2E9FA0F900D4929E /* SkeletonGradient.swift */; };
		78D31F372E9FA0F900D4929E /* SkeletonLayer.swift in Sources */ = {isa = PBXBuildFile; fileRef = 78D31EA12E9FA0F900D4929E /* SkeletonLayer.swift */; };
		78D31F382E9FA0F900D4929E /* SkeletonAnimationBuilder.swift in Sources */ = {isa = PBXBuildFile; fileRef = 78D31E6F2E9FA0F900D4929E /* SkeletonAnimationBuilder.swift */; };
		78D31F392E9FA0F900D4929E /* SkeletonMultilineLayerBuilder.swift in Sources */ = {isa = PBXBuildFile; fileRef = 78D31EAD2E9FA0F900D4929E /* SkeletonMultilineLayerBuilder.swift */; };
		78D31F3A2E9FA0F900D4929E /* UILabel+Extensions.swift in Sources */ = {isa = PBXBuildFile; fileRef = 78D31EB52E9FA0F900D4929E /* UILabel+Extensions.swift */; };
		78D31F3B2E9FA0F900D4929E /* UICollectionView+CollectionSkeleton.swift in Sources */ = {isa = PBXBuildFile; fileRef = 78D31EB32E9FA0F900D4929E /* UICollectionView+CollectionSkeleton.swift */; };
		78D31F3C2E9FA0F900D4929E /* AssociationPolicy.swift in Sources */ = {isa = PBXBuildFile; fileRef = 78D31E9C2E9FA0F900D4929E /* AssociationPolicy.swift */; };
		78D31F3D2E9FA0F900D4929E /* Recursive.swift in Sources */ = {isa = PBXBuildFile; fileRef = 78D31E9D2E9FA0F900D4929E /* Recursive.swift */; };
		78D31F3E2E9FA0F900D4929E /* Deprecated.swift in Sources */ = {isa = PBXBuildFile; fileRef = 78D31E8A2E9FA0F900D4929E /* Deprecated.swift */; };
		78D31F3F2E9FA0F900D4929E /* UIView+AssociatedObjects.swift in Sources */ = {isa = PBXBuildFile; fileRef = 78D31EB92E9FA0F900D4929E /* UIView+AssociatedObjects.swift */; };
		78D31F402E9FA0F900D4929E /* SkeletonLayerBuilder.swift in Sources */ = {isa = PBXBuildFile; fileRef = 78D31EAC2E9FA0F900D4929E /* SkeletonLayerBuilder.swift */; };
		78D31F412E9FA0F900D4929E /* SkeletonExtended.swift in Sources */ = {isa = PBXBuildFile; fileRef = 78D31E8D2E9FA0F900D4929E /* SkeletonExtended.swift */; };
		78D31F432E9FA0F900D4929E /* SkeletonMultilinesLayerConfig.swift in Sources */ = {isa = PBXBuildFile; fileRef = 78D31EA42E9FA0F900D4929E /* SkeletonMultilinesLayerConfig.swift */; };
		F556F65D26CD3E3600A80B83 /* SkeletonDebugTests.swift in Sources */ = {isa = PBXBuildFile; fileRef = F556F65C26CD3E3600A80B83 /* SkeletonDebugTests.swift */; };
		F556F67626CD458500A80B83 /* SkeletonView.framework in Frameworks */ = {isa = PBXBuildFile; fileRef = F556F59426CD1F3900A80B83 /* SkeletonView.framework */; platformFilter = maccatalyst; };
		F556F67C26CD45A300A80B83 /* SkeletonDebugTests.swift in Sources */ = {isa = PBXBuildFile; fileRef = F556F65C26CD3E3600A80B83 /* SkeletonDebugTests.swift */; };
		OBJ_147 /* SkeletonView.framework in Frameworks */ = {isa = PBXBuildFile; fileRef = "SkeletonView::SkeletonView::Product" /* SkeletonView.framework */; };
/* End PBXBuildFile section */

/* Begin PBXContainerItemProxy section */
		F556F50C26CD1B1500A80B83 /* PBXContainerItemProxy */ = {
			isa = PBXContainerItemProxy;
			containerPortal = OBJ_1 /* Project object */;
			proxyType = 1;
			remoteGlobalIDString = "SkeletonView::SkeletonView";
			remoteInfo = SkeletonView;
		};
		F556F67726CD458500A80B83 /* PBXContainerItemProxy */ = {
			isa = PBXContainerItemProxy;
			containerPortal = OBJ_1 /* Project object */;
			proxyType = 1;
			remoteGlobalIDString = F556F56426CD1F3900A80B83;
			remoteInfo = "SkeletonView tvOS";
		};
/* End PBXContainerItemProxy section */

/* Begin PBXFileReference section */
		7848492E2EA0FF2A005656F4 /* SkeletonDiffableCollectionDataSource.swift */ = {isa = PBXFileReference; lastKnownFileType = sourcecode.swift; path = SkeletonDiffableCollectionDataSource.swift; sourceTree = "<group>"; };
		7848492F2EA0FF2A005656F4 /* SkeletonDiffableDataSource.swift */ = {isa = PBXFileReference; lastKnownFileType = sourcecode.swift; path = SkeletonDiffableDataSource.swift; sourceTree = "<group>"; };
		784849392EA1134C005656F4 /* README_de.md */ = {isa = PBXFileReference; lastKnownFileType = net.daringfireball.markdown; name = README_de.md; path = Translations/README_de.md; sourceTree = "<group>"; };
		78D31E6F2E9FA0F900D4929E /* SkeletonAnimationBuilder.swift */ = {isa = PBXFileReference; lastKnownFileType = sourcecode.swift; path = SkeletonAnimationBuilder.swift; sourceTree = "<group>"; };
		78D31E712E9FA0F900D4929E /* SkeletonAppearance.swift */ = {isa = PBXFileReference; lastKnownFileType = sourcecode.swift; path = SkeletonAppearance.swift; sourceTree = "<group>"; };
		78D31E732E9FA0F900D4929E /* SkeletonCollectionViewProtocols.swift */ = {isa = PBXFileReference; lastKnownFileType = sourcecode.swift; path = SkeletonCollectionViewProtocols.swift; sourceTree = "<group>"; };
		78D31E752E9FA0F900D4929E /* SkeletonTableViewProtocols.swift */ = {isa = PBXFileReference; lastKnownFileType = sourcecode.swift; path = SkeletonTableViewProtocols.swift; sourceTree = "<group>"; };
		78D31E782E9FA0F900D4929E /* Notification+SkeletonFlow.swift */ = {isa = PBXFileReference; lastKnownFileType = sourcecode.swift; path = "Notification+SkeletonFlow.swift"; sourceTree = "<group>"; };
		78D31E7A2E9FA0F900D4929E /* GradientDirection.swift */ = {isa = PBXFileReference; lastKnownFileType = sourcecode.swift; path = GradientDirection.swift; sourceTree = "<group>"; };
		78D31E7B2E9FA0F900D4929E /* SkeletonGradient.swift */ = {isa = PBXFileReference; lastKnownFileType = sourcecode.swift; path = SkeletonGradient.swift; sourceTree = "<group>"; };
		78D31E7C2E9FA0F900D4929E /* SkeletonTextLineHeight.swift */ = {isa = PBXFileReference; lastKnownFileType = sourcecode.swift; path = SkeletonTextLineHeight.swift; sourceTree = "<group>"; };
		78D31E7D2E9FA0F900D4929E /* SkeletonTextNumberOfLines.swift */ = {isa = PBXFileReference; lastKnownFileType = sourcecode.swift; path = SkeletonTextNumberOfLines.swift; sourceTree = "<group>"; };
		78D31E7E2E9FA0F900D4929E /* SkeletonTransitionStyle.swift */ = {isa = PBXFileReference; lastKnownFileType = sourcecode.swift; path = SkeletonTransitionStyle.swift; sourceTree = "<group>"; };
		78D31E7F2E9FA0F900D4929E /* SkeletonType.swift */ = {isa = PBXFileReference; lastKnownFileType = sourcecode.swift; path = SkeletonType.swift; sourceTree = "<group>"; };
		78D31E812E9FA0F900D4929E /* CALayer+Animations.swift */ = {isa = PBXFileReference; lastKnownFileType = sourcecode.swift; path = "CALayer+Animations.swift"; sourceTree = "<group>"; };
		78D31E822E9FA0F900D4929E /* UICollectionView+Extensions.swift */ = {isa = PBXFileReference; lastKnownFileType = sourcecode.swift; path = "UICollectionView+Extensions.swift"; sourceTree = "<group>"; };
		78D31E832E9FA0F900D4929E /* UILabel+IBInspectable.swift */ = {isa = PBXFileReference; lastKnownFileType = sourcecode.swift; path = "UILabel+IBInspectable.swift"; sourceTree = "<group>"; };
		78D31E842E9FA0F900D4929E /* UILabel+SKExtensions.swift */ = {isa = PBXFileReference; lastKnownFileType = sourcecode.swift; path = "UILabel+SKExtensions.swift"; sourceTree = "<group>"; };
		78D31E852E9FA0F900D4929E /* UITextView+IBInspectable.swift */ = {isa = PBXFileReference; lastKnownFileType = sourcecode.swift; path = "UITextView+IBInspectable.swift"; sourceTree = "<group>"; };
		78D31E862E9FA0F900D4929E /* UITextView+SKExtensions.swift */ = {isa = PBXFileReference; lastKnownFileType = sourcecode.swift; path = "UITextView+SKExtensions.swift"; sourceTree = "<group>"; };
		78D31E872E9FA0F900D4929E /* UIView+IBInspectable.swift */ = {isa = PBXFileReference; lastKnownFileType = sourcecode.swift; path = "UIView+IBInspectable.swift"; sourceTree = "<group>"; };
		78D31E882E9FA0F900D4929E /* UIView+SKExtensions.swift */ = {isa = PBXFileReference; lastKnownFileType = sourcecode.swift; path = "UIView+SKExtensions.swift"; sourceTree = "<group>"; };
		78D31E8A2E9FA0F900D4929E /* Deprecated.swift */ = {isa = PBXFileReference; lastKnownFileType = sourcecode.swift; path = Deprecated.swift; sourceTree = "<group>"; };
		78D31E8D2E9FA0F900D4929E /* SkeletonExtended.swift */ = {isa = PBXFileReference; lastKnownFileType = sourcecode.swift; path = SkeletonExtended.swift; sourceTree = "<group>"; };
		78D31E8E2E9FA0F900D4929E /* SkeletonView.swift */ = {isa = PBXFileReference; lastKnownFileType = sourcecode.swift; path = SkeletonView.swift; sourceTree = "<group>"; };
		78D31E902E9FA0F900D4929E /* CollectionSkeleton.swift */ = {isa = PBXFileReference; lastKnownFileType = sourcecode.swift; path = CollectionSkeleton.swift; sourceTree = "<group>"; };
		78D31E912E9FA0F900D4929E /* SkeletonCollectionDataSource.swift */ = {isa = PBXFileReference; lastKnownFileType = sourcecode.swift; path = SkeletonCollectionDataSource.swift; sourceTree = "<group>"; };
		78D31E922E9FA0F900D4929E /* SkeletonCollectionDelegate.swift */ = {isa = PBXFileReference; lastKnownFileType = sourcecode.swift; path = SkeletonCollectionDelegate.swift; sourceTree = "<group>"; };
		78D31E932E9FA0F900D4929E /* SkeletonReusableCell.swift */ = {isa = PBXFileReference; lastKnownFileType = sourcecode.swift; path = SkeletonReusableCell.swift; sourceTree = "<group>"; };
		78D31E952E9FA0F900D4929E /* SkeletonDebug.swift */ = {isa = PBXFileReference; lastKnownFileType = sourcecode.swift; path = SkeletonDebug.swift; sourceTree = "<group>"; };
		78D31E972E9FA0F900D4929E /* DispatchQueue+Extensions.swift */ = {isa = PBXFileReference; lastKnownFileType = sourcecode.swift; path = "DispatchQueue+Extensions.swift"; sourceTree = "<group>"; };
		78D31E982E9FA0F900D4929E /* Int+Extensions.swift */ = {isa = PBXFileReference; lastKnownFileType = sourcecode.swift; path = "Int+Extensions.swift"; sourceTree = "<group>"; };
		78D31E992E9FA0F900D4929E /* Notification+Extensions.swift */ = {isa = PBXFileReference; lastKnownFileType = sourcecode.swift; path = "Notification+Extensions.swift"; sourceTree = "<group>"; };
		78D31E9A2E9FA0F900D4929E /* ProcessInfo+Extensions.swift */ = {isa = PBXFileReference; lastKnownFileType = sourcecode.swift; path = "ProcessInfo+Extensions.swift"; sourceTree = "<group>"; };
		78D31E9C2E9FA0F900D4929E /* AssociationPolicy.swift */ = {isa = PBXFileReference; lastKnownFileType = sourcecode.swift; path = AssociationPolicy.swift; sourceTree = "<group>"; };
		78D31E9D2E9FA0F900D4929E /* Recursive.swift */ = {isa = PBXFileReference; lastKnownFileType = sourcecode.swift; path = Recursive.swift; sourceTree = "<group>"; };
		78D31E9E2E9FA0F900D4929E /* Swizzling.swift */ = {isa = PBXFileReference; lastKnownFileType = sourcecode.swift; path = Swizzling.swift; sourceTree = "<group>"; };
		78D31EA02E9FA0F900D4929E /* RecoverableViewState.swift */ = {isa = PBXFileReference; lastKnownFileType = sourcecode.swift; path = RecoverableViewState.swift; sourceTree = "<group>"; };
		78D31EA12E9FA0F900D4929E /* SkeletonLayer.swift */ = {isa = PBXFileReference; lastKnownFileType = sourcecode.swift; path = SkeletonLayer.swift; sourceTree = "<group>"; };
		78D31EA32E9FA0F900D4929E /* SkeletonConfig.swift */ = {isa = PBXFileReference; lastKnownFileType = sourcecode.swift; path = SkeletonConfig.swift; sourceTree = "<group>"; };
		78D31EA42E9FA0F900D4929E /* SkeletonMultilinesLayerConfig.swift */ = {isa = PBXFileReference; lastKnownFileType = sourcecode.swift; path = SkeletonMultilinesLayerConfig.swift; sourceTree = "<group>"; };
		78D31EA62E9FA0F900D4929E /* GradientDirection+Animations.swift */ = {isa = PBXFileReference; lastKnownFileType = sourcecode.swift; path = "GradientDirection+Animations.swift"; sourceTree = "<group>"; };
		78D31EA72E9FA0F900D4929E /* PrepareViewForSkeleton.swift */ = {isa = PBXFileReference; lastKnownFileType = sourcecode.swift; path = PrepareViewForSkeleton.swift; sourceTree = "<group>"; };
		78D31EA82E9FA0F900D4929E /* Recoverable.swift */ = {isa = PBXFileReference; lastKnownFileType = sourcecode.swift; path = Recoverable.swift; sourceTree = "<group>"; };
		78D31EA92E9FA0F900D4929E /* SkeletonTextNode.swift */ = {isa = PBXFileReference; lastKnownFileType = sourcecode.swift; path = SkeletonTextNode.swift; sourceTree = "<group>"; };
		78D31EAA2E9FA0F900D4929E /* SubviewsSkeletonables.swift */ = {isa = PBXFileReference; lastKnownFileType = sourcecode.swift; path = SubviewsSkeletonables.swift; sourceTree = "<group>"; };
		78D31EAC2E9FA0F900D4929E /* SkeletonLayerBuilder.swift */ = {isa = PBXFileReference; lastKnownFileType = sourcecode.swift; path = SkeletonLayerBuilder.swift; sourceTree = "<group>"; };
		78D31EAD2E9FA0F900D4929E /* SkeletonMultilineLayerBuilder.swift */ = {isa = PBXFileReference; lastKnownFileType = sourcecode.swift; path = SkeletonMultilineLayerBuilder.swift; sourceTree = "<group>"; };
		78D31EAF2E9FA0F900D4929E /* SkeletonTreeNode.swift */ = {isa = PBXFileReference; lastKnownFileType = sourcecode.swift; path = SkeletonTreeNode.swift; sourceTree = "<group>"; };
		78D31EB12E9FA0F900D4929E /* CALayer+Extensions.swift */ = {isa = PBXFileReference; lastKnownFileType = sourcecode.swift; path = "CALayer+Extensions.swift"; sourceTree = "<group>"; };
		78D31EB22E9FA0F900D4929E /* SkeletonTreeNode+Extensions.swift */ = {isa = PBXFileReference; lastKnownFileType = sourcecode.swift; path = "SkeletonTreeNode+Extensions.swift"; sourceTree = "<group>"; };
		78D31EB32E9FA0F900D4929E /* UICollectionView+CollectionSkeleton.swift */ = {isa = PBXFileReference; lastKnownFileType = sourcecode.swift; path = "UICollectionView+CollectionSkeleton.swift"; sourceTree = "<group>"; };
		78D31EB42E9FA0F900D4929E /* UIColor+Skeleton.swift */ = {isa = PBXFileReference; lastKnownFileType = sourcecode.swift; path = "UIColor+Skeleton.swift"; sourceTree = "<group>"; };
		78D31EB52E9FA0F900D4929E /* UILabel+Extensions.swift */ = {isa = PBXFileReference; lastKnownFileType = sourcecode.swift; path = "UILabel+Extensions.swift"; sourceTree = "<group>"; };
		78D31EB62E9FA0F900D4929E /* UITableView+CollectionSkeleton.swift */ = {isa = PBXFileReference; lastKnownFileType = sourcecode.swift; path = "UITableView+CollectionSkeleton.swift"; sourceTree = "<group>"; };
		78D31EB72E9FA0F900D4929E /* UITableView+Extensions.swift */ = {isa = PBXFileReference; lastKnownFileType = sourcecode.swift; path = "UITableView+Extensions.swift"; sourceTree = "<group>"; };
		78D31EB82E9FA0F900D4929E /* UIView+AppLifecycleNotifications.swift */ = {isa = PBXFileReference; lastKnownFileType = sourcecode.swift; path = "UIView+AppLifecycleNotifications.swift"; sourceTree = "<group>"; };
		78D31EB92E9FA0F900D4929E /* UIView+AssociatedObjects.swift */ = {isa = PBXFileReference; lastKnownFileType = sourcecode.swift; path = "UIView+AssociatedObjects.swift"; sourceTree = "<group>"; };
		78D31EBA2E9FA0F900D4929E /* UIView+CollectionSkeleton.swift */ = {isa = PBXFileReference; lastKnownFileType = sourcecode.swift; path = "UIView+CollectionSkeleton.swift"; sourceTree = "<group>"; };
		78D31EBB2E9FA0F900D4929E /* UIView+Extensions.swift */ = {isa = PBXFileReference; lastKnownFileType = sourcecode.swift; path = "UIView+Extensions.swift"; sourceTree = "<group>"; };
		78D31EBC2E9FA0F900D4929E /* UIView+SkeletonView.swift */ = {isa = PBXFileReference; lastKnownFileType = sourcecode.swift; path = "UIView+SkeletonView.swift"; sourceTree = "<group>"; };
		78D31EBD2E9FA0F900D4929E /* UIView+Swizzling.swift */ = {isa = PBXFileReference; lastKnownFileType = sourcecode.swift; path = "UIView+Swizzling.swift"; sourceTree = "<group>"; };
		78D31EBE2E9FA0F900D4929E /* UIView+Transitions.swift */ = {isa = PBXFileReference; lastKnownFileType = sourcecode.swift; path = "UIView+Transitions.swift"; sourceTree = "<group>"; };
		78D31EC02E9FA0F900D4929E /* SkeletonFlowHandler.swift */ = {isa = PBXFileReference; lastKnownFileType = sourcecode.swift; path = SkeletonFlowHandler.swift; sourceTree = "<group>"; };
		78D31EC22E9FA0F900D4929E /* Info.plist */ = {isa = PBXFileReference; lastKnownFileType = text.plist.xml; path = Info.plist; sourceTree = "<group>"; };
		78D31EC32E9FA0F900D4929E /* PrivacyInfo.xcprivacy */ = {isa = PBXFileReference; lastKnownFileType = text.xml; path = PrivacyInfo.xcprivacy; sourceTree = "<group>"; };
		F556F51026CD1B7900A80B83 /* SkeletonView.podspec */ = {isa = PBXFileReference; lastKnownFileType = text; path = SkeletonView.podspec; sourceTree = "<group>"; };
		F556F51126CD1B8000A80B83 /* LICENSE */ = {isa = PBXFileReference; lastKnownFileType = text; path = LICENSE; sourceTree = "<group>"; };
		F556F51426CD1BFF00A80B83 /* README_zh.md */ = {isa = PBXFileReference; lastKnownFileType = net.daringfireball.markdown; name = README_zh.md; path = Translations/README_zh.md; sourceTree = "<group>"; };
		F556F51526CD1BFF00A80B83 /* README.md */ = {isa = PBXFileReference; lastKnownFileType = net.daringfireball.markdown; path = README.md; sourceTree = "<group>"; };
		F556F51626CD1BFF00A80B83 /* README_ko.md */ = {isa = PBXFileReference; lastKnownFileType = net.daringfireball.markdown; name = README_ko.md; path = Translations/README_ko.md; sourceTree = "<group>"; };
		F556F51726CD1BFF00A80B83 /* README_fr.md */ = {isa = PBXFileReference; lastKnownFileType = net.daringfireball.markdown; name = README_fr.md; path = Translations/README_fr.md; sourceTree = "<group>"; };
		F556F51826CD1BFF00A80B83 /* README_es.md */ = {isa = PBXFileReference; lastKnownFileType = net.daringfireball.markdown; name = README_es.md; path = Translations/README_es.md; sourceTree = "<group>"; };
		F556F51926CD1BFF00A80B83 /* README_pt-br.md */ = {isa = PBXFileReference; lastKnownFileType = net.daringfireball.markdown; name = "README_pt-br.md"; path = "Translations/README_pt-br.md"; sourceTree = "<group>"; };
		F556F51A26CD1C1200A80B83 /* CHANGELOG.md */ = {isa = PBXFileReference; lastKnownFileType = net.daringfireball.markdown; path = CHANGELOG.md; sourceTree = "<group>"; };
		F556F51B26CD1C1200A80B83 /* CODE_OF_CONDUCT.md */ = {isa = PBXFileReference; lastKnownFileType = net.daringfireball.markdown; path = CODE_OF_CONDUCT.md; sourceTree = "<group>"; };
		F556F51C26CD1C1200A80B83 /* CONTRIBUTING.md */ = {isa = PBXFileReference; lastKnownFileType = net.daringfireball.markdown; path = CONTRIBUTING.md; sourceTree = "<group>"; };
		F556F51E26CD1C1C00A80B83 /* FUNDING.yml */ = {isa = PBXFileReference; lastKnownFileType = text.yaml; path = FUNDING.yml; sourceTree = "<group>"; };
		F556F52026CD1C1C00A80B83 /* release.yml */ = {isa = PBXFileReference; lastKnownFileType = text.yaml; path = release.yml; sourceTree = "<group>"; };
		F556F52126CD1C1C00A80B83 /* CD.yml */ = {isa = PBXFileReference; lastKnownFileType = text.yaml; path = CD.yml; sourceTree = "<group>"; };
		F556F52226CD1C1C00A80B83 /* validations.yml */ = {isa = PBXFileReference; lastKnownFileType = text.yaml; path = validations.yml; sourceTree = "<group>"; };
		F556F52326CD1C1C00A80B83 /* pod_lib_lint.yml */ = {isa = PBXFileReference; lastKnownFileType = text.yaml; path = pod_lib_lint.yml; sourceTree = "<group>"; };
		F556F52426CD1C1C00A80B83 /* main.yml */ = {isa = PBXFileReference; lastKnownFileType = text.yaml; path = main.yml; sourceTree = "<group>"; };
		F556F52526CD1C1C00A80B83 /* release_notes.yml */ = {isa = PBXFileReference; lastKnownFileType = text.yaml; path = release_notes.yml; sourceTree = "<group>"; };
		F556F52626CD1C1C00A80B83 /* stale.yml */ = {isa = PBXFileReference; lastKnownFileType = text.yaml; path = stale.yml; sourceTree = "<group>"; };
		F556F52726CD1C1C00A80B83 /* pull_request_template.md */ = {isa = PBXFileReference; lastKnownFileType = net.daringfireball.markdown; path = pull_request_template.md; sourceTree = "<group>"; };
		F556F52826CD1C1C00A80B83 /* release-drafter.yml */ = {isa = PBXFileReference; lastKnownFileType = text.yaml; path = "release-drafter.yml"; sourceTree = "<group>"; };
		F556F52A26CD1C1C00A80B83 /* submit-a-request.md */ = {isa = PBXFileReference; lastKnownFileType = net.daringfireball.markdown; path = "submit-a-request.md"; sourceTree = "<group>"; };
		F556F52B26CD1C1C00A80B83 /* bug_report.md */ = {isa = PBXFileReference; lastKnownFileType = net.daringfireball.markdown; path = bug_report.md; sourceTree = "<group>"; };
		F556F52C26CD1C1C00A80B83 /* feedback.md */ = {isa = PBXFileReference; lastKnownFileType = net.daringfireball.markdown; path = feedback.md; sourceTree = "<group>"; };
		F556F56326CD1D8B00A80B83 /* Info.plist */ = {isa = PBXFileReference; lastKnownFileType = text.plist.xml; path = Info.plist; sourceTree = "<group>"; };
		F556F59426CD1F3900A80B83 /* SkeletonView.framework */ = {isa = PBXFileReference; explicitFileType = wrapper.framework; includeInIndex = 0; path = SkeletonView.framework; sourceTree = BUILT_PRODUCTS_DIR; };
		F556F65C26CD3E3600A80B83 /* SkeletonDebugTests.swift */ = {isa = PBXFileReference; lastKnownFileType = sourcecode.swift; path = SkeletonDebugTests.swift; sourceTree = "<group>"; };
		F556F67126CD458500A80B83 /* SkeletonView tvOS Tests.xctest */ = {isa = PBXFileReference; explicitFileType = wrapper.cfbundle; includeInIndex = 0; path = "SkeletonView tvOS Tests.xctest"; sourceTree = BUILT_PRODUCTS_DIR; };
		OBJ_6 /* Package.swift */ = {isa = PBXFileReference; explicitFileType = sourcecode.swift; path = Package.swift; sourceTree = "<group>"; };
		"SkeletonView::SkeletonView::Product" /* SkeletonView.framework */ = {isa = PBXFileReference; explicitFileType = wrapper.framework; path = SkeletonView.framework; sourceTree = BUILT_PRODUCTS_DIR; };
		"SkeletonView::SkeletonViewTests::Product" /* SkeletonViewTests.xctest */ = {isa = PBXFileReference; explicitFileType = wrapper.cfbundle; path = SkeletonViewTests.xctest; sourceTree = BUILT_PRODUCTS_DIR; };
/* End PBXFileReference section */

/* Begin PBXFrameworksBuildPhase section */
		F556F59026CD1F3900A80B83 /* Frameworks */ = {
			isa = PBXFrameworksBuildPhase;
			buildActionMask = 0;
			files = (
			);
			runOnlyForDeploymentPostprocessing = 0;
		};
		F556F66E26CD458500A80B83 /* Frameworks */ = {
			isa = PBXFrameworksBuildPhase;
			buildActionMask = 2147483647;
			files = (
				F556F67626CD458500A80B83 /* SkeletonView.framework in Frameworks */,
			);
			runOnlyForDeploymentPostprocessing = 0;
		};
		OBJ_128 /* Frameworks */ = {
			isa = PBXFrameworksBuildPhase;
			buildActionMask = 0;
			files = (
			);
			runOnlyForDeploymentPostprocessing = 0;
		};
		OBJ_146 /* Frameworks */ = {
			isa = PBXFrameworksBuildPhase;
			buildActionMask = 0;
			files = (
				OBJ_147 /* SkeletonView.framework in Frameworks */,
			);
			runOnlyForDeploymentPostprocessing = 0;
		};
/* End PBXFrameworksBuildPhase section */

/* Begin PBXGroup section */
		784849302EA0FF2A005656F4 /* Diffable */ = {
			isa = PBXGroup;
			children = (
				7848492E2EA0FF2A005656F4 /* SkeletonDiffableCollectionDataSource.swift */,
				7848492F2EA0FF2A005656F4 /* SkeletonDiffableDataSource.swift */,
			);
			path = Diffable;
			sourceTree = "<group>";
		};
		78D31E702E9FA0F900D4929E /* AnimationBuilder */ = {
			isa = PBXGroup;
			children = (
				78D31E6F2E9FA0F900D4929E /* SkeletonAnimationBuilder.swift */,
			);
			path = AnimationBuilder;
			sourceTree = "<group>";
		};
		78D31E722E9FA0F900D4929E /* Appearance */ = {
			isa = PBXGroup;
			children = (
				78D31E712E9FA0F900D4929E /* SkeletonAppearance.swift */,
			);
			path = Appearance;
			sourceTree = "<group>";
		};
		78D31E742E9FA0F900D4929E /* CollectionViews */ = {
			isa = PBXGroup;
			children = (
				78D31E732E9FA0F900D4929E /* SkeletonCollectionViewProtocols.swift */,
			);
			path = CollectionViews;
			sourceTree = "<group>";
		};
		78D31E762E9FA0F900D4929E /* TableViews */ = {
			isa = PBXGroup;
			children = (
				78D31E752E9FA0F900D4929E /* SkeletonTableViewProtocols.swift */,
			);
			path = TableViews;
			sourceTree = "<group>";
		};
		78D31E772E9FA0F900D4929E /* Collections */ = {
			isa = PBXGroup;
			children = (
				78D31E742E9FA0F900D4929E /* CollectionViews */,
				78D31E762E9FA0F900D4929E /* TableViews */,
			);
			path = Collections;
			sourceTree = "<group>";
		};
		78D31E792E9FA0F900D4929E /* FoundationExtensions */ = {
			isa = PBXGroup;
			children = (
				78D31E782E9FA0F900D4929E /* Notification+SkeletonFlow.swift */,
			);
			path = FoundationExtensions;
			sourceTree = "<group>";
		};
		78D31E802E9FA0F900D4929E /* Models */ = {
			isa = PBXGroup;
			children = (
				78D31E7A2E9FA0F900D4929E /* GradientDirection.swift */,
				78D31E7B2E9FA0F900D4929E /* SkeletonGradient.swift */,
				78D31E7C2E9FA0F900D4929E /* SkeletonTextLineHeight.swift */,
				78D31E7D2E9FA0F900D4929E /* SkeletonTextNumberOfLines.swift */,
				78D31E7E2E9FA0F900D4929E /* SkeletonTransitionStyle.swift */,
				78D31E7F2E9FA0F900D4929E /* SkeletonType.swift */,
			);
			path = Models;
			sourceTree = "<group>";
		};
		78D31E892E9FA0F900D4929E /* UIKitExtensions */ = {
			isa = PBXGroup;
			children = (
				78D31E812E9FA0F900D4929E /* CALayer+Animations.swift */,
				78D31E822E9FA0F900D4929E /* UICollectionView+Extensions.swift */,
				78D31E832E9FA0F900D4929E /* UILabel+IBInspectable.swift */,
				78D31E842E9FA0F900D4929E /* UILabel+SKExtensions.swift */,
				78D31E852E9FA0F900D4929E /* UITextView+IBInspectable.swift */,
				78D31E862E9FA0F900D4929E /* UITextView+SKExtensions.swift */,
				78D31E872E9FA0F900D4929E /* UIView+IBInspectable.swift */,
				78D31E882E9FA0F900D4929E /* UIView+SKExtensions.swift */,
			);
			path = UIKitExtensions;
			sourceTree = "<group>";
		};
		78D31E8F2E9FA0F900D4929E /* API */ = {
			isa = PBXGroup;
			children = (
				78D31E702E9FA0F900D4929E /* AnimationBuilder */,
				78D31E722E9FA0F900D4929E /* Appearance */,
				784849302EA0FF2A005656F4 /* Diffable */,
				78D31E772E9FA0F900D4929E /* Collections */,
				78D31E792E9FA0F900D4929E /* FoundationExtensions */,
				78D31E802E9FA0F900D4929E /* Models */,
				78D31E892E9FA0F900D4929E /* UIKitExtensions */,
				78D31E8A2E9FA0F900D4929E /* Deprecated.swift */,
				78D31E8D2E9FA0F900D4929E /* SkeletonExtended.swift */,
				78D31E8E2E9FA0F900D4929E /* SkeletonView.swift */,
			);
			path = API;
			sourceTree = "<group>";
		};
		78D31E942E9FA0F900D4929E /* Collections */ = {
			isa = PBXGroup;
			children = (
				78D31E902E9FA0F900D4929E /* CollectionSkeleton.swift */,
				78D31E912E9FA0F900D4929E /* SkeletonCollectionDataSource.swift */,
				78D31E922E9FA0F900D4929E /* SkeletonCollectionDelegate.swift */,
				78D31E932E9FA0F900D4929E /* SkeletonReusableCell.swift */,
			);
			path = Collections;
			sourceTree = "<group>";
		};
		78D31E962E9FA0F900D4929E /* Debug */ = {
			isa = PBXGroup;
			children = (
				78D31E952E9FA0F900D4929E /* SkeletonDebug.swift */,
			);
			path = Debug;
			sourceTree = "<group>";
		};
		78D31E9B2E9FA0F900D4929E /* FoundationExtensions */ = {
			isa = PBXGroup;
			children = (
				78D31E972E9FA0F900D4929E /* DispatchQueue+Extensions.swift */,
				78D31E982E9FA0F900D4929E /* Int+Extensions.swift */,
				78D31E992E9FA0F900D4929E /* Notification+Extensions.swift */,
				78D31E9A2E9FA0F900D4929E /* ProcessInfo+Extensions.swift */,
			);
			path = FoundationExtensions;
			sourceTree = "<group>";
		};
		78D31E9F2E9FA0F900D4929E /* Helpers */ = {
			isa = PBXGroup;
			children = (
				78D31E9C2E9FA0F900D4929E /* AssociationPolicy.swift */,
				78D31E9D2E9FA0F900D4929E /* Recursive.swift */,
				78D31E9E2E9FA0F900D4929E /* Swizzling.swift */,
			);
			path = Helpers;
			sourceTree = "<group>";
		};
		78D31EA22E9FA0F900D4929E /* Models */ = {
			isa = PBXGroup;
			children = (
				78D31EA02E9FA0F900D4929E /* RecoverableViewState.swift */,
				78D31EA12E9FA0F900D4929E /* SkeletonLayer.swift */,
			);
			path = Models;
			sourceTree = "<group>";
		};
		78D31EA52E9FA0F900D4929E /* SkeletonConfigs */ = {
			isa = PBXGroup;
			children = (
				78D31EA32E9FA0F900D4929E /* SkeletonConfig.swift */,
				78D31EA42E9FA0F900D4929E /* SkeletonMultilinesLayerConfig.swift */,
			);
			path = SkeletonConfigs;
			sourceTree = "<group>";
		};
		78D31EAB2E9FA0F900D4929E /* SkeletonExtensions */ = {
			isa = PBXGroup;
			children = (
				78D31EA62E9FA0F900D4929E /* GradientDirection+Animations.swift */,
				78D31EA72E9FA0F900D4929E /* PrepareViewForSkeleton.swift */,
				78D31EA82E9FA0F900D4929E /* Recoverable.swift */,
				78D31EA92E9FA0F900D4929E /* SkeletonTextNode.swift */,
				78D31EAA2E9FA0F900D4929E /* SubviewsSkeletonables.swift */,
			);
			path = SkeletonExtensions;
			sourceTree = "<group>";
		};
		78D31EAE2E9FA0F900D4929E /* SkeletonLayerBuilders */ = {
			isa = PBXGroup;
			children = (
				78D31EAC2E9FA0F900D4929E /* SkeletonLayerBuilder.swift */,
				78D31EAD2E9FA0F900D4929E /* SkeletonMultilineLayerBuilder.swift */,
			);
			path = SkeletonLayerBuilders;
			sourceTree = "<group>";
		};
		78D31EB02E9FA0F900D4929E /* SkeletonTree */ = {
			isa = PBXGroup;
			children = (
				78D31EAF2E9FA0F900D4929E /* SkeletonTreeNode.swift */,
			);
			path = SkeletonTree;
			sourceTree = "<group>";
		};
		78D31EBF2E9FA0F900D4929E /* UIKitExtensions */ = {
			isa = PBXGroup;
			children = (
				78D31EB12E9FA0F900D4929E /* CALayer+Extensions.swift */,
				78D31EB22E9FA0F900D4929E /* SkeletonTreeNode+Extensions.swift */,
				78D31EB32E9FA0F900D4929E /* UICollectionView+CollectionSkeleton.swift */,
				78D31EB42E9FA0F900D4929E /* UIColor+Skeleton.swift */,
				78D31EB52E9FA0F900D4929E /* UILabel+Extensions.swift */,
				78D31EB62E9FA0F900D4929E /* UITableView+CollectionSkeleton.swift */,
				78D31EB72E9FA0F900D4929E /* UITableView+Extensions.swift */,
				78D31EB82E9FA0F900D4929E /* UIView+AppLifecycleNotifications.swift */,
				78D31EB92E9FA0F900D4929E /* UIView+AssociatedObjects.swift */,
				78D31EBA2E9FA0F900D4929E /* UIView+CollectionSkeleton.swift */,
				78D31EBB2E9FA0F900D4929E /* UIView+Extensions.swift */,
				78D31EBC2E9FA0F900D4929E /* UIView+SkeletonView.swift */,
				78D31EBD2E9FA0F900D4929E /* UIView+Swizzling.swift */,
				78D31EBE2E9FA0F900D4929E /* UIView+Transitions.swift */,
			);
			path = UIKitExtensions;
			sourceTree = "<group>";
		};
		78D31EC12E9FA0F900D4929E /* Internal */ = {
			isa = PBXGroup;
			children = (
				78D31E942E9FA0F900D4929E /* Collections */,
				78D31E962E9FA0F900D4929E /* Debug */,
				78D31E9B2E9FA0F900D4929E /* FoundationExtensions */,
				78D31E9F2E9FA0F900D4929E /* Helpers */,
				78D31EA22E9FA0F900D4929E /* Models */,
				78D31EA52E9FA0F900D4929E /* SkeletonConfigs */,
				78D31EAB2E9FA0F900D4929E /* SkeletonExtensions */,
				78D31EAE2E9FA0F900D4929E /* SkeletonLayerBuilders */,
				78D31EB02E9FA0F900D4929E /* SkeletonTree */,
				78D31EBF2E9FA0F900D4929E /* UIKitExtensions */,
				78D31EC02E9FA0F900D4929E /* SkeletonFlowHandler.swift */,
			);
			path = Internal;
			sourceTree = "<group>";
		};
		78D31EC42E9FA0F900D4929E /* Supporting Files */ = {
			isa = PBXGroup;
			children = (
				78D31EC22E9FA0F900D4929E /* Info.plist */,
				78D31EC32E9FA0F900D4929E /* PrivacyInfo.xcprivacy */,
			);
			path = "Supporting Files";
			sourceTree = "<group>";
		};
		78D31EC52E9FA0F900D4929E /* Sources */ = {
			isa = PBXGroup;
			children = (
				78D31E8F2E9FA0F900D4929E /* API */,
				78D31EC12E9FA0F900D4929E /* Internal */,
				78D31EC42E9FA0F900D4929E /* Supporting Files */,
			);
			name = Sources;
			path = SkeletonViewCore/Sources;
			sourceTree = "<group>";
		};
		F556F50F26CD1B6200A80B83 /* Deployment */ = {
			isa = PBXGroup;
			children = (
				F556F51126CD1B8000A80B83 /* LICENSE */,
				F556F51026CD1B7900A80B83 /* SkeletonView.podspec */,
				OBJ_6 /* Package.swift */,
			);
			name = Deployment;
			sourceTree = "<group>";
		};
		F556F51326CD1BED00A80B83 /* Documentation */ = {
			isa = PBXGroup;
			children = (
				F556F51D26CD1C1C00A80B83 /* .github */,
				F556F51A26CD1C1200A80B83 /* CHANGELOG.md */,
				F556F51B26CD1C1200A80B83 /* CODE_OF_CONDUCT.md */,
				F556F51C26CD1C1200A80B83 /* CONTRIBUTING.md */,
				784849392EA1134C005656F4 /* README_de.md */,
				F556F51826CD1BFF00A80B83 /* README_es.md */,
				F556F51726CD1BFF00A80B83 /* README_fr.md */,
				F556F51626CD1BFF00A80B83 /* README_ko.md */,
				F556F51926CD1BFF00A80B83 /* README_pt-br.md */,
				F556F51426CD1BFF00A80B83 /* README_zh.md */,
				F556F51526CD1BFF00A80B83 /* README.md */,
			);
			name = Documentation;
			sourceTree = "<group>";
		};
		F556F51D26CD1C1C00A80B83 /* .github */ = {
			isa = PBXGroup;
			children = (
				F556F51E26CD1C1C00A80B83 /* FUNDING.yml */,
				F556F51F26CD1C1C00A80B83 /* workflows */,
				F556F52626CD1C1C00A80B83 /* stale.yml */,
				F556F52726CD1C1C00A80B83 /* pull_request_template.md */,
				F556F52826CD1C1C00A80B83 /* release-drafter.yml */,
				F556F52926CD1C1C00A80B83 /* ISSUE_TEMPLATE */,
			);
			path = .github;
			sourceTree = "<group>";
		};
		F556F51F26CD1C1C00A80B83 /* workflows */ = {
			isa = PBXGroup;
			children = (
				F556F52026CD1C1C00A80B83 /* release.yml */,
				F556F52126CD1C1C00A80B83 /* CD.yml */,
				F556F52226CD1C1C00A80B83 /* validations.yml */,
				F556F52326CD1C1C00A80B83 /* pod_lib_lint.yml */,
				F556F52426CD1C1C00A80B83 /* main.yml */,
				F556F52526CD1C1C00A80B83 /* release_notes.yml */,
			);
			path = workflows;
			sourceTree = "<group>";
		};
		F556F52926CD1C1C00A80B83 /* ISSUE_TEMPLATE */ = {
			isa = PBXGroup;
			children = (
				F556F52A26CD1C1C00A80B83 /* submit-a-request.md */,
				F556F52B26CD1C1C00A80B83 /* bug_report.md */,
				F556F52C26CD1C1C00A80B83 /* feedback.md */,
			);
			path = ISSUE_TEMPLATE;
			sourceTree = "<group>";
		};
		F556F56026CD1D5300A80B83 /* Supporting Files */ = {
			isa = PBXGroup;
			children = (
				F556F56326CD1D8B00A80B83 /* Info.plist */,
			);
			path = "Supporting Files";
			sourceTree = "<group>";
		};
		F556F65B26CD3E1400A80B83 /* Debug */ = {
			isa = PBXGroup;
			children = (
				F556F65C26CD3E3600A80B83 /* SkeletonDebugTests.swift */,
			);
			path = Debug;
			sourceTree = "<group>";
		};
		OBJ_5 = {
			isa = PBXGroup;
			children = (
				F556F51326CD1BED00A80B83 /* Documentation */,
				F556F50F26CD1B6200A80B83 /* Deployment */,
				78D31EC52E9FA0F900D4929E /* Sources */,
				OBJ_62 /* Tests */,
				OBJ_64 /* Products */,
			);
			sourceTree = "<group>";
		};
		OBJ_62 /* Tests */ = {
			isa = PBXGroup;
			children = (
				F556F65B26CD3E1400A80B83 /* Debug */,
				F556F56026CD1D5300A80B83 /* Supporting Files */,
			);
			name = Tests;
			path = SkeletonViewCore/Tests;
			sourceTree = SOURCE_ROOT;
		};
		OBJ_64 /* Products */ = {
			isa = PBXGroup;
			children = (
				"SkeletonView::SkeletonView::Product" /* SkeletonView.framework */,
				"SkeletonView::SkeletonViewTests::Product" /* SkeletonViewTests.xctest */,
				F556F59426CD1F3900A80B83 /* SkeletonView.framework */,
				F556F67126CD458500A80B83 /* SkeletonView tvOS Tests.xctest */,
			);
			name = Products;
			sourceTree = BUILT_PRODUCTS_DIR;
		};
/* End PBXGroup section */

/* Begin PBXNativeTarget section */
		F556F56426CD1F3900A80B83 /* SkeletonView tvOS */ = {
			isa = PBXNativeTarget;
			buildConfigurationList = F556F59126CD1F3900A80B83 /* Build configuration list for PBXNativeTarget "SkeletonView tvOS" */;
			buildPhases = (
				F556F65626CD312100A80B83 /* Swiftlint */,
				F556F56526CD1F3900A80B83 /* Sources */,
				F556F59026CD1F3900A80B83 /* Frameworks */,
			);
			buildRules = (
			);
			dependencies = (
			);
			name = "SkeletonView tvOS";
			productName = SkeletonView;
			productReference = F556F59426CD1F3900A80B83 /* SkeletonView.framework */;
			productType = "com.apple.product-type.framework";
		};
		F556F67026CD458500A80B83 /* SkeletonView tvOS Tests */ = {
			isa = PBXNativeTarget;
			buildConfigurationList = F556F67926CD458500A80B83 /* Build configuration list for PBXNativeTarget "SkeletonView tvOS Tests" */;
			buildPhases = (
				F556F66D26CD458500A80B83 /* Sources */,
				F556F66E26CD458500A80B83 /* Frameworks */,
				F556F66F26CD458500A80B83 /* Resources */,
			);
			buildRules = (
			);
			dependencies = (
				F556F67826CD458500A80B83 /* PBXTargetDependency */,
			);
			name = "SkeletonView tvOS Tests";
			productName = "SkeletonView tvOS Tests";
			productReference = F556F67126CD458500A80B83 /* SkeletonView tvOS Tests.xctest */;
			productType = "com.apple.product-type.bundle.unit-test";
		};
		"SkeletonView::SkeletonView" /* SkeletonView iOS */ = {
			isa = PBXNativeTarget;
			buildConfigurationList = OBJ_82 /* Build configuration list for PBXNativeTarget "SkeletonView iOS" */;
			buildPhases = (
				F556F65526CD311200A80B83 /* Swiftlint */,
				OBJ_85 /* Sources */,
				OBJ_128 /* Frameworks */,
			);
			buildRules = (
			);
			dependencies = (
			);
			name = "SkeletonView iOS";
			productName = SkeletonView;
			productReference = "SkeletonView::SkeletonView::Product" /* SkeletonView.framework */;
			productType = "com.apple.product-type.framework";
		};
		"SkeletonView::SkeletonViewTests" /* SkeletonView iOS Tests */ = {
			isa = PBXNativeTarget;
			buildConfigurationList = OBJ_141 /* Build configuration list for PBXNativeTarget "SkeletonView iOS Tests" */;
			buildPhases = (
				OBJ_144 /* Sources */,
				OBJ_146 /* Frameworks */,
			);
			buildRules = (
			);
			dependencies = (
				OBJ_148 /* PBXTargetDependency */,
			);
			name = "SkeletonView iOS Tests";
			productName = SkeletonViewTests;
			productReference = "SkeletonView::SkeletonViewTests::Product" /* SkeletonViewTests.xctest */;
			productType = "com.apple.product-type.bundle.unit-test";
		};
/* End PBXNativeTarget section */

/* Begin PBXProject section */
		OBJ_1 /* Project object */ = {
			isa = PBXProject;
			attributes = {
				LastSwiftMigration = 9999;
				LastSwiftUpdateCheck = 1250;
				LastUpgradeCheck = 9999;
				TargetAttributes = {
					F556F67026CD458500A80B83 = {
						CreatedOnToolsVersion = 12.5.1;
					};
				};
			};
			buildConfigurationList = OBJ_2 /* Build configuration list for PBXProject "SkeletonView" */;
			compatibilityVersion = "Xcode 3.2";
			developmentRegion = en;
			hasScannedForEncodings = 0;
			knownRegions = (
				en,
			);
			mainGroup = OBJ_5;
			productRefGroup = OBJ_64 /* Products */;
			projectDirPath = "";
			projectRoot = "";
			targets = (
				"SkeletonView::SkeletonView" /* SkeletonView iOS */,
				"SkeletonView::SkeletonViewTests" /* SkeletonView iOS Tests */,
				F556F56426CD1F3900A80B83 /* SkeletonView tvOS */,
				F556F67026CD458500A80B83 /* SkeletonView tvOS Tests */,
			);
		};
/* End PBXProject section */

/* Begin PBXResourcesBuildPhase section */
		F556F66F26CD458500A80B83 /* Resources */ = {
			isa = PBXResourcesBuildPhase;
			buildActionMask = 2147483647;
			files = (
			);
			runOnlyForDeploymentPostprocessing = 0;
		};
/* End PBXResourcesBuildPhase section */

/* Begin PBXShellScriptBuildPhase section */
		F556F65526CD311200A80B83 /* Swiftlint */ = {
			isa = PBXShellScriptBuildPhase;
			buildActionMask = 2147483647;
			files = (
			);
			inputFileListPaths = (
			);
			inputPaths = (
			);
			name = Swiftlint;
			outputFileListPaths = (
			);
			outputPaths = (
			);
			runOnlyForDeploymentPostprocessing = 0;
			shellPath = /bin/sh;
			shellScript = "if test -d \"/opt/homebrew/bin/\"; then\n  PATH=\"/opt/homebrew/bin/:${PATH}\"\nfi\n\nexport PATH\n\nif which swiftlint >/dev/null; then\n  swiftlint\nelse\n  echo \"warning: SwiftLint not installed, download from https://github.com/realm/SwiftLint\"\nfi\n";
		};
		F556F65626CD312100A80B83 /* Swiftlint */ = {
			isa = PBXShellScriptBuildPhase;
			buildActionMask = 2147483647;
			files = (
			);
			inputFileListPaths = (
			);
			inputPaths = (
			);
			name = Swiftlint;
			outputFileListPaths = (
			);
			outputPaths = (
			);
			runOnlyForDeploymentPostprocessing = 0;
			shellPath = /bin/sh;
			shellScript = "if test -d \"/opt/homebrew/bin/\"; then\n  PATH=\"/opt/homebrew/bin/:${PATH}\"\nfi\n\nexport PATH\n\nif which swiftlint >/dev/null; then\n  swiftlint\nelse\n  echo \"warning: SwiftLint not installed, download from https://github.com/realm/SwiftLint\"\nfi\n";
		};
/* End PBXShellScriptBuildPhase section */

/* Begin PBXSourcesBuildPhase section */
		F556F56526CD1F3900A80B83 /* Sources */ = {
			isa = PBXSourcesBuildPhase;
			buildActionMask = 0;
			files = (
				78D31F052E9FA0F900D4929E /* UIView+IBInspectable.swift in Sources */,
				78D31F072E9FA0F900D4929E /* DispatchQueue+Extensions.swift in Sources */,
				78D31F082E9FA0F900D4929E /* SkeletonTextLineHeight.swift in Sources */,
				78D31F092E9FA0F900D4929E /* SkeletonTableViewProtocols.swift in Sources */,
				78D31F0A2E9FA0F900D4929E /* Recoverable.swift in Sources */,
				78D31F0B2E9FA0F900D4929E /* UIColor+Skeleton.swift in Sources */,
				78D31F0C2E9FA0F900D4929E /* UIView+Swizzling.swift in Sources */,
				78D31F0D2E9FA0F900D4929E /* ProcessInfo+Extensions.swift in Sources */,
				78D31F0E2E9FA0F900D4929E /* UICollectionView+Extensions.swift in Sources */,
				78D31F0F2E9FA0F900D4929E /* UITableView+Extensions.swift in Sources */,
				78D31F102E9FA0F900D4929E /* SkeletonTransitionStyle.swift in Sources */,
				78D31F112E9FA0F900D4929E /* SkeletonDebug.swift in Sources */,
				78D31F122E9FA0F900D4929E /* Int+Extensions.swift in Sources */,
				78D31F132E9FA0F900D4929E /* SkeletonCollectionDataSource.swift in Sources */,
				78D31F142E9FA0F900D4929E /* CALayer+Animations.swift in Sources */,
				78D31F152E9FA0F900D4929E /* SkeletonTextNode.swift in Sources */,
				78D31F162E9FA0F900D4929E /* UIView+SkeletonView.swift in Sources */,
				78D31F172E9FA0F900D4929E /* UIView+Transitions.swift in Sources */,
				78D31F182E9FA0F900D4929E /* UILabel+SKExtensions.swift in Sources */,
				78D31F192E9FA0F900D4929E /* SkeletonTextNumberOfLines.swift in Sources */,
				78D31F1A2E9FA0F900D4929E /* UITableView+CollectionSkeleton.swift in Sources */,
				78D31F1B2E9FA0F900D4929E /* SubviewsSkeletonables.swift in Sources */,
				78D31F1C2E9FA0F900D4929E /* UIView+Extensions.swift in Sources */,
				78D31F1D2E9FA0F900D4929E /* SkeletonFlowHandler.swift in Sources */,
				78D31F1E2E9FA0F900D4929E /* CALayer+Extensions.swift in Sources */,
				78D31F1F2E9FA0F900D4929E /* PrepareViewForSkeleton.swift in Sources */,
				78D31F202E9FA0F900D4929E /* GradientDirection.swift in Sources */,
				78D31F212E9FA0F900D4929E /* RecoverableViewState.swift in Sources */,
				78D31F222E9FA0F900D4929E /* UIView+CollectionSkeleton.swift in Sources */,
				78D31F232E9FA0F900D4929E /* Notification+Extensions.swift in Sources */,
				78D31F242E9FA0F900D4929E /* Notification+SkeletonFlow.swift in Sources */,
				78D31F252E9FA0F900D4929E /* SkeletonConfig.swift in Sources */,
				78D31F262E9FA0F900D4929E /* UILabel+IBInspectable.swift in Sources */,
				78D31F272E9FA0F900D4929E /* UIView+AppLifecycleNotifications.swift in Sources */,
				78D31F282E9FA0F900D4929E /* SkeletonTreeNode+Extensions.swift in Sources */,
				78D31F292E9FA0F900D4929E /* UITextView+IBInspectable.swift in Sources */,
				78D31F2A2E9FA0F900D4929E /* GradientDirection+Animations.swift in Sources */,
				78D31F2B2E9FA0F900D4929E /* SkeletonCollectionViewProtocols.swift in Sources */,
				78D31F2C2E9FA0F900D4929E /* Swizzling.swift in Sources */,
				78D31F2D2E9FA0F900D4929E /* SkeletonTreeNode.swift in Sources */,
				78D31F2E2E9FA0F900D4929E /* UIView+SKExtensions.swift in Sources */,
				78D31F2F2E9FA0F900D4929E /* SkeletonType.swift in Sources */,
				78D31F302E9FA0F900D4929E /* SkeletonView.swift in Sources */,
				78D31F312E9FA0F900D4929E /* SkeletonReusableCell.swift in Sources */,
				78D31F322E9FA0F900D4929E /* SkeletonCollectionDelegate.swift in Sources */,
				78D31F332E9FA0F900D4929E /* UITextView+SKExtensions.swift in Sources */,
				78D31F342E9FA0F900D4929E /* SkeletonAppearance.swift in Sources */,
				78D31F352E9FA0F900D4929E /* CollectionSkeleton.swift in Sources */,
				78D31F362E9FA0F900D4929E /* SkeletonGradient.swift in Sources */,
				78D31F372E9FA0F900D4929E /* SkeletonLayer.swift in Sources */,
				78D31F382E9FA0F900D4929E /* SkeletonAnimationBuilder.swift in Sources */,
				78D31F392E9FA0F900D4929E /* SkeletonMultilineLayerBuilder.swift in Sources */,
				78D31F3A2E9FA0F900D4929E /* UILabel+Extensions.swift in Sources */,
				78D31F3B2E9FA0F900D4929E /* UICollectionView+CollectionSkeleton.swift in Sources */,
				78D31F3C2E9FA0F900D4929E /* AssociationPolicy.swift in Sources */,
				78D31F3D2E9FA0F900D4929E /* Recursive.swift in Sources */,
				784849312EA0FF2A005656F4 /* SkeletonDiffableCollectionDataSource.swift in Sources */,
				784849322EA0FF2A005656F4 /* SkeletonDiffableDataSource.swift in Sources */,
				78D31F3E2E9FA0F900D4929E /* Deprecated.swift in Sources */,
				78D31F3F2E9FA0F900D4929E /* UIView+AssociatedObjects.swift in Sources */,
				78D31F402E9FA0F900D4929E /* SkeletonLayerBuilder.swift in Sources */,
				78D31F412E9FA0F900D4929E /* SkeletonExtended.swift in Sources */,
				78D31F432E9FA0F900D4929E /* SkeletonMultilinesLayerConfig.swift in Sources */,
			);
			runOnlyForDeploymentPostprocessing = 0;
		};
		F556F66D26CD458500A80B83 /* Sources */ = {
			isa = PBXSourcesBuildPhase;
			buildActionMask = 2147483647;
			files = (
				F556F67C26CD45A300A80B83 /* SkeletonDebugTests.swift in Sources */,
			);
			runOnlyForDeploymentPostprocessing = 0;
		};
		OBJ_144 /* Sources */ = {
			isa = PBXSourcesBuildPhase;
			buildActionMask = 0;
			files = (
				F556F65D26CD3E3600A80B83 /* SkeletonDebugTests.swift in Sources */,
			);
			runOnlyForDeploymentPostprocessing = 0;
		};
		OBJ_85 /* Sources */ = {
			isa = PBXSourcesBuildPhase;
			buildActionMask = 0;
			files = (
				78D31EC62E9FA0F900D4929E /* UIView+IBInspectable.swift in Sources */,
				78D31EC82E9FA0F900D4929E /* DispatchQueue+Extensions.swift in Sources */,
				78D31EC92E9FA0F900D4929E /* SkeletonTextLineHeight.swift in Sources */,
				78D31ECA2E9FA0F900D4929E /* SkeletonTableViewProtocols.swift in Sources */,
				78D31ECB2E9FA0F900D4929E /* Recoverable.swift in Sources */,
				78D31ECC2E9FA0F900D4929E /* UIColor+Skeleton.swift in Sources */,
				78D31ECD2E9FA0F900D4929E /* UIView+Swizzling.swift in Sources */,
				78D31ECE2E9FA0F900D4929E /* ProcessInfo+Extensions.swift in Sources */,
				78D31ECF2E9FA0F900D4929E /* UICollectionView+Extensions.swift in Sources */,
				78D31ED02E9FA0F900D4929E /* UITableView+Extensions.swift in Sources */,
				78D31ED12E9FA0F900D4929E /* SkeletonTransitionStyle.swift in Sources */,
				78D31ED22E9FA0F900D4929E /* SkeletonDebug.swift in Sources */,
				78D31ED32E9FA0F900D4929E /* Int+Extensions.swift in Sources */,
				78D31ED42E9FA0F900D4929E /* SkeletonCollectionDataSource.swift in Sources */,
				78D31ED52E9FA0F900D4929E /* CALayer+Animations.swift in Sources */,
				78D31ED62E9FA0F900D4929E /* SkeletonTextNode.swift in Sources */,
				78D31ED72E9FA0F900D4929E /* UIView+SkeletonView.swift in Sources */,
				78D31ED82E9FA0F900D4929E /* UIView+Transitions.swift in Sources */,
				78D31ED92E9FA0F900D4929E /* UILabel+SKExtensions.swift in Sources */,
				78D31EDA2E9FA0F900D4929E /* SkeletonTextNumberOfLines.swift in Sources */,
				78D31EDB2E9FA0F900D4929E /* UITableView+CollectionSkeleton.swift in Sources */,
				78D31EDC2E9FA0F900D4929E /* SubviewsSkeletonables.swift in Sources */,
				78D31EDD2E9FA0F900D4929E /* UIView+Extensions.swift in Sources */,
				78D31EDE2E9FA0F900D4929E /* SkeletonFlowHandler.swift in Sources */,
				78D31EDF2E9FA0F900D4929E /* CALayer+Extensions.swift in Sources */,
				78D31EE02E9FA0F900D4929E /* PrepareViewForSkeleton.swift in Sources */,
				78D31EE12E9FA0F900D4929E /* GradientDirection.swift in Sources */,
				78D31EE22E9FA0F900D4929E /* RecoverableViewState.swift in Sources */,
				78D31EE32E9FA0F900D4929E /* UIView+CollectionSkeleton.swift in Sources */,
				78D31EE42E9FA0F900D4929E /* Notification+Extensions.swift in Sources */,
				78D31EE52E9FA0F900D4929E /* Notification+SkeletonFlow.swift in Sources */,
				78D31EE62E9FA0F900D4929E /* SkeletonConfig.swift in Sources */,
				78D31EE72E9FA0F900D4929E /* UILabel+IBInspectable.swift in Sources */,
				78D31EE82E9FA0F900D4929E /* UIView+AppLifecycleNotifications.swift in Sources */,
				78D31EE92E9FA0F900D4929E /* SkeletonTreeNode+Extensions.swift in Sources */,
				78D31EEA2E9FA0F900D4929E /* UITextView+IBInspectable.swift in Sources */,
				78D31EEB2E9FA0F900D4929E /* GradientDirection+Animations.swift in Sources */,
				78D31EEC2E9FA0F900D4929E /* SkeletonCollectionViewProtocols.swift in Sources */,
				78D31EED2E9FA0F900D4929E /* Swizzling.swift in Sources */,
				78D31EEE2E9FA0F900D4929E /* SkeletonTreeNode.swift in Sources */,
				78D31EEF2E9FA0F900D4929E /* UIView+SKExtensions.swift in Sources */,
				78D31EF02E9FA0F900D4929E /* SkeletonType.swift in Sources */,
				78D31EF12E9FA0F900D4929E /* SkeletonView.swift in Sources */,
				78D31EF22E9FA0F900D4929E /* SkeletonReusableCell.swift in Sources */,
				78D31EF32E9FA0F900D4929E /* SkeletonCollectionDelegate.swift in Sources */,
				78D31EF42E9FA0F900D4929E /* UITextView+SKExtensions.swift in Sources */,
				78D31EF52E9FA0F900D4929E /* SkeletonAppearance.swift in Sources */,
				78D31EF62E9FA0F900D4929E /* CollectionSkeleton.swift in Sources */,
				78D31EF72E9FA0F900D4929E /* SkeletonGradient.swift in Sources */,
				78D31EF82E9FA0F900D4929E /* SkeletonLayer.swift in Sources */,
				78D31EF92E9FA0F900D4929E /* SkeletonAnimationBuilder.swift in Sources */,
				78D31EFA2E9FA0F900D4929E /* SkeletonMultilineLayerBuilder.swift in Sources */,
				78D31EFB2E9FA0F900D4929E /* UILabel+Extensions.swift in Sources */,
				78D31EFC2E9FA0F900D4929E /* UICollectionView+CollectionSkeleton.swift in Sources */,
				78D31EFD2E9FA0F900D4929E /* AssociationPolicy.swift in Sources */,
				78D31EFE2E9FA0F900D4929E /* Recursive.swift in Sources */,
				784849332EA0FF2A005656F4 /* SkeletonDiffableCollectionDataSource.swift in Sources */,
				784849342EA0FF2A005656F4 /* SkeletonDiffableDataSource.swift in Sources */,
				78D31EFF2E9FA0F900D4929E /* Deprecated.swift in Sources */,
				78D31F002E9FA0F900D4929E /* UIView+AssociatedObjects.swift in Sources */,
				78D31F012E9FA0F900D4929E /* SkeletonLayerBuilder.swift in Sources */,
				78D31F022E9FA0F900D4929E /* SkeletonExtended.swift in Sources */,
				78D31F042E9FA0F900D4929E /* SkeletonMultilinesLayerConfig.swift in Sources */,
			);
			runOnlyForDeploymentPostprocessing = 0;
		};
/* End PBXSourcesBuildPhase section */

/* Begin PBXTargetDependency section */
		F556F67826CD458500A80B83 /* PBXTargetDependency */ = {
			isa = PBXTargetDependency;
			platformFilter = maccatalyst;
			target = F556F56426CD1F3900A80B83 /* SkeletonView tvOS */;
			targetProxy = F556F67726CD458500A80B83 /* PBXContainerItemProxy */;
		};
		OBJ_148 /* PBXTargetDependency */ = {
			isa = PBXTargetDependency;
			target = "SkeletonView::SkeletonView" /* SkeletonView iOS */;
			targetProxy = F556F50C26CD1B1500A80B83 /* PBXContainerItemProxy */;
		};
/* End PBXTargetDependency section */

/* Begin XCBuildConfiguration section */
		F556F59226CD1F3900A80B83 /* Debug */ = {
			isa = XCBuildConfiguration;
			buildSettings = {
				CURRENT_PROJECT_VERSION = 1;
				ENABLE_TESTABILITY = YES;
				FRAMEWORK_SEARCH_PATHS = (
					"$(inherited)",
					"$(PLATFORM_DIR)/Developer/Library/Frameworks",
				);
				HEADER_SEARCH_PATHS = "$(inherited)";
				INFOPLIST_FILE = "SkeletonViewCore/Sources/Supporting Files/Info.plist";
				LD_RUNPATH_SEARCH_PATHS = (
					"$(inherited)",
					"$(TOOLCHAIN_DIR)/usr/lib/swift/macosx",
				);
				OTHER_CFLAGS = "$(inherited)";
				OTHER_LDFLAGS = "$(inherited)";
				OTHER_SWIFT_FLAGS = "$(inherited)";
				PRODUCT_BUNDLE_IDENTIFIER = SkeletonView;
				PRODUCT_MODULE_NAME = "$(TARGET_NAME:c99extidentifier)";
				PRODUCT_NAME = "$(TARGET_NAME)";
				SDKROOT = appletvos;
				SKIP_INSTALL = YES;
				SUPPORTED_PLATFORMS = "appletvsimulator appletvos";
				SWIFT_ACTIVE_COMPILATION_CONDITIONS = "$(inherited)";
				SWIFT_VERSION = 5.0;
				TARGETED_DEVICE_FAMILY = 3;
				TARGET_NAME = SkeletonView;
			};
			name = Debug;
		};
		F556F59326CD1F3900A80B83 /* Release */ = {
			isa = XCBuildConfiguration;
			buildSettings = {
				CURRENT_PROJECT_VERSION = 1;
				ENABLE_TESTABILITY = YES;
				FRAMEWORK_SEARCH_PATHS = (
					"$(inherited)",
					"$(PLATFORM_DIR)/Developer/Library/Frameworks",
				);
				HEADER_SEARCH_PATHS = "$(inherited)";
				INFOPLIST_FILE = "SkeletonViewCore/Sources/Supporting Files/Info.plist";
				LD_RUNPATH_SEARCH_PATHS = (
					"$(inherited)",
					"$(TOOLCHAIN_DIR)/usr/lib/swift/macosx",
				);
				OTHER_CFLAGS = "$(inherited)";
				OTHER_LDFLAGS = "$(inherited)";
				OTHER_SWIFT_FLAGS = "$(inherited)";
				PRODUCT_BUNDLE_IDENTIFIER = SkeletonView;
				PRODUCT_MODULE_NAME = "$(TARGET_NAME:c99extidentifier)";
				PRODUCT_NAME = "$(TARGET_NAME)";
				SDKROOT = appletvos;
				SKIP_INSTALL = YES;
				SUPPORTED_PLATFORMS = "appletvsimulator appletvos";
				SWIFT_ACTIVE_COMPILATION_CONDITIONS = "$(inherited)";
				SWIFT_VERSION = 5.0;
				TARGETED_DEVICE_FAMILY = 3;
				TARGET_NAME = SkeletonView;
			};
			name = Release;
		};
		F556F67A26CD458500A80B83 /* Debug */ = {
			isa = XCBuildConfiguration;
			buildSettings = {
				ALWAYS_SEARCH_USER_PATHS = NO;
				CLANG_ANALYZER_NONNULL = YES;
				CLANG_ANALYZER_NUMBER_OBJECT_CONVERSION = YES_AGGRESSIVE;
				CLANG_CXX_LANGUAGE_STANDARD = "gnu++14";
				CLANG_CXX_LIBRARY = "libc++";
				CLANG_ENABLE_MODULES = YES;
				CLANG_ENABLE_OBJC_WEAK = YES;
				CLANG_WARN_BLOCK_CAPTURE_AUTORELEASING = YES;
				CLANG_WARN_BOOL_CONVERSION = YES;
				CLANG_WARN_COMMA = YES;
				CLANG_WARN_CONSTANT_CONVERSION = YES;
				CLANG_WARN_DEPRECATED_OBJC_IMPLEMENTATIONS = YES;
				CLANG_WARN_DIRECT_OBJC_ISA_USAGE = YES_ERROR;
				CLANG_WARN_DOCUMENTATION_COMMENTS = YES;
				CLANG_WARN_EMPTY_BODY = YES;
				CLANG_WARN_ENUM_CONVERSION = YES;
				CLANG_WARN_INFINITE_RECURSION = YES;
				CLANG_WARN_INT_CONVERSION = YES;
				CLANG_WARN_NON_LITERAL_NULL_CONVERSION = YES;
				CLANG_WARN_OBJC_IMPLICIT_RETAIN_SELF = YES;
				CLANG_WARN_OBJC_LITERAL_CONVERSION = YES;
				CLANG_WARN_OBJC_ROOT_CLASS = YES_ERROR;
				CLANG_WARN_QUOTED_INCLUDE_IN_FRAMEWORK_HEADER = YES;
				CLANG_WARN_RANGE_LOOP_ANALYSIS = YES;
				CLANG_WARN_STRICT_PROTOTYPES = YES;
				CLANG_WARN_SUSPICIOUS_MOVE = YES;
				CLANG_WARN_UNGUARDED_AVAILABILITY = YES_AGGRESSIVE;
				CLANG_WARN_UNREACHABLE_CODE = YES;
				CLANG_WARN__DUPLICATE_METHOD_MATCH = YES;
				CODE_SIGN_STYLE = Automatic;
				ENABLE_STRICT_OBJC_MSGSEND = YES;
				ENABLE_TESTABILITY = YES;
				GCC_C_LANGUAGE_STANDARD = gnu11;
				GCC_DYNAMIC_NO_PIC = NO;
				GCC_NO_COMMON_BLOCKS = YES;
				GCC_PREPROCESSOR_DEFINITIONS = (
					"DEBUG=1",
					"$(inherited)",
				);
				GCC_WARN_64_TO_32_BIT_CONVERSION = YES;
				GCC_WARN_ABOUT_RETURN_TYPE = YES_ERROR;
				GCC_WARN_UNDECLARED_SELECTOR = YES;
				GCC_WARN_UNINITIALIZED_AUTOS = YES_AGGRESSIVE;
				GCC_WARN_UNUSED_FUNCTION = YES;
				GCC_WARN_UNUSED_VARIABLE = YES;
				INFOPLIST_FILE = "SkeletonViewCore/Tests/Supporting Files/Info.plist";
				LD_RUNPATH_SEARCH_PATHS = (
					"$(inherited)",
					"@executable_path/Frameworks",
					"@loader_path/Frameworks",
				);
				MTL_ENABLE_DEBUG_INFO = INCLUDE_SOURCE;
				MTL_FAST_MATH = YES;
				PRODUCT_BUNDLE_IDENTIFIER = "com.skeletonview.SkeletonView-tvOS-Tests";
				PRODUCT_NAME = "$(TARGET_NAME)";
				SDKROOT = appletvos;
				SUPPORTED_PLATFORMS = "appletvsimulator appletvos";
				SWIFT_ACTIVE_COMPILATION_CONDITIONS = DEBUG;
				SWIFT_VERSION = 5.0;
				TARGETED_DEVICE_FAMILY = 3;
				TVOS_DEPLOYMENT_TARGET = 9.0;
			};
			name = Debug;
		};
		F556F67B26CD458500A80B83 /* Release */ = {
			isa = XCBuildConfiguration;
			buildSettings = {
				ALWAYS_SEARCH_USER_PATHS = NO;
				CLANG_ANALYZER_NONNULL = YES;
				CLANG_ANALYZER_NUMBER_OBJECT_CONVERSION = YES_AGGRESSIVE;
				CLANG_CXX_LANGUAGE_STANDARD = "gnu++14";
				CLANG_CXX_LIBRARY = "libc++";
				CLANG_ENABLE_MODULES = YES;
				CLANG_ENABLE_OBJC_WEAK = YES;
				CLANG_WARN_BLOCK_CAPTURE_AUTORELEASING = YES;
				CLANG_WARN_BOOL_CONVERSION = YES;
				CLANG_WARN_COMMA = YES;
				CLANG_WARN_CONSTANT_CONVERSION = YES;
				CLANG_WARN_DEPRECATED_OBJC_IMPLEMENTATIONS = YES;
				CLANG_WARN_DIRECT_OBJC_ISA_USAGE = YES_ERROR;
				CLANG_WARN_DOCUMENTATION_COMMENTS = YES;
				CLANG_WARN_EMPTY_BODY = YES;
				CLANG_WARN_ENUM_CONVERSION = YES;
				CLANG_WARN_INFINITE_RECURSION = YES;
				CLANG_WARN_INT_CONVERSION = YES;
				CLANG_WARN_NON_LITERAL_NULL_CONVERSION = YES;
				CLANG_WARN_OBJC_IMPLICIT_RETAIN_SELF = YES;
				CLANG_WARN_OBJC_LITERAL_CONVERSION = YES;
				CLANG_WARN_OBJC_ROOT_CLASS = YES_ERROR;
				CLANG_WARN_QUOTED_INCLUDE_IN_FRAMEWORK_HEADER = YES;
				CLANG_WARN_RANGE_LOOP_ANALYSIS = YES;
				CLANG_WARN_STRICT_PROTOTYPES = YES;
				CLANG_WARN_SUSPICIOUS_MOVE = YES;
				CLANG_WARN_UNGUARDED_AVAILABILITY = YES_AGGRESSIVE;
				CLANG_WARN_UNREACHABLE_CODE = YES;
				CLANG_WARN__DUPLICATE_METHOD_MATCH = YES;
				CODE_SIGN_STYLE = Automatic;
				COPY_PHASE_STRIP = NO;
				ENABLE_NS_ASSERTIONS = NO;
				ENABLE_STRICT_OBJC_MSGSEND = YES;
				GCC_C_LANGUAGE_STANDARD = gnu11;
				GCC_NO_COMMON_BLOCKS = YES;
				GCC_WARN_64_TO_32_BIT_CONVERSION = YES;
				GCC_WARN_ABOUT_RETURN_TYPE = YES_ERROR;
				GCC_WARN_UNDECLARED_SELECTOR = YES;
				GCC_WARN_UNINITIALIZED_AUTOS = YES_AGGRESSIVE;
				GCC_WARN_UNUSED_FUNCTION = YES;
				GCC_WARN_UNUSED_VARIABLE = YES;
				INFOPLIST_FILE = "SkeletonViewCore/Tests/Supporting Files/Info.plist";
				LD_RUNPATH_SEARCH_PATHS = (
					"$(inherited)",
					"@executable_path/Frameworks",
					"@loader_path/Frameworks",
				);
				MTL_ENABLE_DEBUG_INFO = NO;
				MTL_FAST_MATH = YES;
				PRODUCT_BUNDLE_IDENTIFIER = "com.skeletonview.SkeletonView-tvOS-Tests";
				PRODUCT_NAME = "$(TARGET_NAME)";
				SDKROOT = appletvos;
				SUPPORTED_PLATFORMS = "appletvsimulator appletvos";
				SWIFT_VERSION = 5.0;
				TARGETED_DEVICE_FAMILY = 3;
				TVOS_DEPLOYMENT_TARGET = 9.0;
				VALIDATE_PRODUCT = YES;
			};
			name = Release;
		};
		OBJ_142 /* Debug */ = {
			isa = XCBuildConfiguration;
			buildSettings = {
				CLANG_ENABLE_MODULES = YES;
				CURRENT_PROJECT_VERSION = 1;
				EMBEDDED_CONTENT_CONTAINS_SWIFT = YES;
				FRAMEWORK_SEARCH_PATHS = (
					"$(inherited)",
					"$(PLATFORM_DIR)/Developer/Library/Frameworks",
				);
				HEADER_SEARCH_PATHS = "$(inherited)";
				INFOPLIST_FILE = "SkeletonViewCore/Tests/Supporting Files/Info.plist";
				IPHONEOS_DEPLOYMENT_TARGET = 14.0;
				LD_RUNPATH_SEARCH_PATHS = (
					"$(inherited)",
					"@loader_path/../Frameworks",
					"@loader_path/Frameworks",
				);
				MACOSX_DEPLOYMENT_TARGET = 10.15;
				OTHER_CFLAGS = "$(inherited)";
				OTHER_LDFLAGS = "$(inherited)";
				OTHER_SWIFT_FLAGS = "$(inherited)";
				SDKROOT = iphoneos;
				SUPPORTED_PLATFORMS = "iphonesimulator iphoneos";
				SWIFT_ACTIVE_COMPILATION_CONDITIONS = "$(inherited)";
				SWIFT_VERSION = 5.0;
				TARGETED_DEVICE_FAMILY = "1,2";
				TARGET_NAME = SkeletonViewTests;
				TVOS_DEPLOYMENT_TARGET = 9.0;
				WATCHOS_DEPLOYMENT_TARGET = 7.0;
			};
			name = Debug;
		};
		OBJ_143 /* Release */ = {
			isa = XCBuildConfiguration;
			buildSettings = {
				CLANG_ENABLE_MODULES = YES;
				CURRENT_PROJECT_VERSION = 1;
				EMBEDDED_CONTENT_CONTAINS_SWIFT = YES;
				FRAMEWORK_SEARCH_PATHS = (
					"$(inherited)",
					"$(PLATFORM_DIR)/Developer/Library/Frameworks",
				);
				HEADER_SEARCH_PATHS = "$(inherited)";
				INFOPLIST_FILE = "SkeletonViewCore/Tests/Supporting Files/Info.plist";
				IPHONEOS_DEPLOYMENT_TARGET = 14.0;
				LD_RUNPATH_SEARCH_PATHS = (
					"$(inherited)",
					"@loader_path/../Frameworks",
					"@loader_path/Frameworks",
				);
				MACOSX_DEPLOYMENT_TARGET = 10.15;
				OTHER_CFLAGS = "$(inherited)";
				OTHER_LDFLAGS = "$(inherited)";
				OTHER_SWIFT_FLAGS = "$(inherited)";
				SDKROOT = iphoneos;
				SUPPORTED_PLATFORMS = "iphonesimulator iphoneos";
				SWIFT_ACTIVE_COMPILATION_CONDITIONS = "$(inherited)";
				SWIFT_VERSION = 5.0;
				TARGETED_DEVICE_FAMILY = "1,2";
				TARGET_NAME = SkeletonViewTests;
				TVOS_DEPLOYMENT_TARGET = 9.0;
				WATCHOS_DEPLOYMENT_TARGET = 7.0;
			};
			name = Release;
		};
		OBJ_3 /* Debug */ = {
			isa = XCBuildConfiguration;
			buildSettings = {
				CLANG_ENABLE_OBJC_ARC = YES;
				COMBINE_HIDPI_IMAGES = YES;
				COPY_PHASE_STRIP = NO;
				DEBUG_INFORMATION_FORMAT = dwarf;
				DYLIB_INSTALL_NAME_BASE = "@rpath";
				ENABLE_NS_ASSERTIONS = YES;
				GCC_OPTIMIZATION_LEVEL = 0;
				GCC_PREPROCESSOR_DEFINITIONS = (
					"$(inherited)",
					"SWIFT_PACKAGE=1",
					"DEBUG=1",
				);
				IPHONEOS_DEPLOYMENT_TARGET = 14.0;
				MACOSX_DEPLOYMENT_TARGET = 10.10;
				ONLY_ACTIVE_ARCH = YES;
				OTHER_SWIFT_FLAGS = "$(inherited) -DXcode";
				PRODUCT_NAME = "$(TARGET_NAME)";
				SDKROOT = macosx;
				SUPPORTED_PLATFORMS = macosx;
				SUPPORTS_MACCATALYST = YES;
				SWIFT_ACTIVE_COMPILATION_CONDITIONS = "$(inherited) SWIFT_PACKAGE DEBUG";
				SWIFT_OPTIMIZATION_LEVEL = "-Onone";
				USE_HEADERMAP = NO;
			};
			name = Debug;
		};
		OBJ_4 /* Release */ = {
			isa = XCBuildConfiguration;
			buildSettings = {
				CLANG_ENABLE_OBJC_ARC = YES;
				COMBINE_HIDPI_IMAGES = YES;
				COPY_PHASE_STRIP = YES;
				DEBUG_INFORMATION_FORMAT = "dwarf-with-dsym";
				DYLIB_INSTALL_NAME_BASE = "@rpath";
				GCC_OPTIMIZATION_LEVEL = s;
				GCC_PREPROCESSOR_DEFINITIONS = (
					"$(inherited)",
					"SWIFT_PACKAGE=1",
				);
				IPHONEOS_DEPLOYMENT_TARGET = 14.0;
				MACOSX_DEPLOYMENT_TARGET = 10.10;
				OTHER_SWIFT_FLAGS = "$(inherited) -DXcode";
				PRODUCT_NAME = "$(TARGET_NAME)";
				SDKROOT = macosx;
				SUPPORTED_PLATFORMS = macosx;
				SUPPORTS_MACCATALYST = YES;
				SWIFT_ACTIVE_COMPILATION_CONDITIONS = "$(inherited) SWIFT_PACKAGE";
				SWIFT_COMPILATION_MODE = wholemodule;
				SWIFT_OPTIMIZATION_LEVEL = "-O";
				USE_HEADERMAP = NO;
			};
			name = Release;
		};
		OBJ_83 /* Debug */ = {
			isa = XCBuildConfiguration;
			buildSettings = {
				CURRENT_PROJECT_VERSION = 1;
				ENABLE_TESTABILITY = YES;
				FRAMEWORK_SEARCH_PATHS = (
					"$(inherited)",
					"$(PLATFORM_DIR)/Developer/Library/Frameworks",
				);
				HEADER_SEARCH_PATHS = "$(inherited)";
				INFOPLIST_FILE = "SkeletonViewCore/Sources/Supporting Files/Info.plist";
				LD_RUNPATH_SEARCH_PATHS = (
					"$(inherited)",
					"$(TOOLCHAIN_DIR)/usr/lib/swift/macosx",
				);
				OTHER_CFLAGS = "$(inherited)";
				OTHER_LDFLAGS = "$(inherited)";
				OTHER_SWIFT_FLAGS = "$(inherited)";
				PRODUCT_BUNDLE_IDENTIFIER = SkeletonView;
				PRODUCT_MODULE_NAME = "$(TARGET_NAME:c99extidentifier)";
				PRODUCT_NAME = "$(TARGET_NAME:c99extidentifier)";
				SDKROOT = iphoneos;
				SKIP_INSTALL = YES;
				SUPPORTED_PLATFORMS = "iphonesimulator iphoneos";
				SWIFT_ACTIVE_COMPILATION_CONDITIONS = "$(inherited)";
				SWIFT_VERSION = 5.0;
				TARGETED_DEVICE_FAMILY = "1,2";
				TARGET_NAME = SkeletonView;
			};
			name = Debug;
		};
		OBJ_84 /* Release */ = {
			isa = XCBuildConfiguration;
			buildSettings = {
				CURRENT_PROJECT_VERSION = 1;
				ENABLE_TESTABILITY = YES;
				FRAMEWORK_SEARCH_PATHS = (
					"$(inherited)",
					"$(PLATFORM_DIR)/Developer/Library/Frameworks",
				);
				HEADER_SEARCH_PATHS = "$(inherited)";
				INFOPLIST_FILE = "SkeletonViewCore/Sources/Supporting Files/Info.plist";
				LD_RUNPATH_SEARCH_PATHS = (
					"$(inherited)",
					"$(TOOLCHAIN_DIR)/usr/lib/swift/macosx",
				);
				OTHER_CFLAGS = "$(inherited)";
				OTHER_LDFLAGS = "$(inherited)";
				OTHER_SWIFT_FLAGS = "$(inherited)";
				PRODUCT_BUNDLE_IDENTIFIER = SkeletonView;
				PRODUCT_MODULE_NAME = "$(TARGET_NAME:c99extidentifier)";
				PRODUCT_NAME = "$(TARGET_NAME:c99extidentifier)";
				SDKROOT = iphoneos;
				SKIP_INSTALL = YES;
				SUPPORTED_PLATFORMS = "iphonesimulator iphoneos";
				SWIFT_ACTIVE_COMPILATION_CONDITIONS = "$(inherited)";
				SWIFT_VERSION = 5.0;
				TARGETED_DEVICE_FAMILY = "1,2";
				TARGET_NAME = SkeletonView;
			};
			name = Release;
		};
/* End XCBuildConfiguration section */

/* Begin XCConfigurationList section */
		F556F59126CD1F3900A80B83 /* Build configuration list for PBXNativeTarget "SkeletonView tvOS" */ = {
			isa = XCConfigurationList;
			buildConfigurations = (
				F556F59226CD1F3900A80B83 /* Debug */,
				F556F59326CD1F3900A80B83 /* Release */,
			);
			defaultConfigurationIsVisible = 0;
			defaultConfigurationName = Release;
		};
		F556F67926CD458500A80B83 /* Build configuration list for PBXNativeTarget "SkeletonView tvOS Tests" */ = {
			isa = XCConfigurationList;
			buildConfigurations = (
				F556F67A26CD458500A80B83 /* Debug */,
				F556F67B26CD458500A80B83 /* Release */,
			);
			defaultConfigurationIsVisible = 0;
			defaultConfigurationName = Release;
		};
		OBJ_141 /* Build configuration list for PBXNativeTarget "SkeletonView iOS Tests" */ = {
			isa = XCConfigurationList;
			buildConfigurations = (
				OBJ_142 /* Debug */,
				OBJ_143 /* Release */,
			);
			defaultConfigurationIsVisible = 0;
			defaultConfigurationName = Release;
		};
		OBJ_2 /* Build configuration list for PBXProject "SkeletonView" */ = {
			isa = XCConfigurationList;
			buildConfigurations = (
				OBJ_3 /* Debug */,
				OBJ_4 /* Release */,
			);
			defaultConfigurationIsVisible = 0;
			defaultConfigurationName = Release;
		};
		OBJ_82 /* Build configuration list for PBXNativeTarget "SkeletonView iOS" */ = {
			isa = XCConfigurationList;
			buildConfigurations = (
				OBJ_83 /* Debug */,
				OBJ_84 /* Release */,
			);
			defaultConfigurationIsVisible = 0;
			defaultConfigurationName = Release;
		};
/* End XCConfigurationList section */
	};
	rootObject = OBJ_1 /* Project object */;
}
